
Microsoft Visual Studio Solution File, Format Version 10.00
# Visual Studio 2008
Project("{2150E333-8FDC-42A3-9474-1A3956D46DE8}") = "Engine", "Engine", "{8E55DC6D-34F7-4937-A54F-82EF013E6AE6}"
EndProject
Project("{2150E333-8FDC-42A3-9474-1A3956D46DE8}") = "Editor", "Editor", "{DE50C931-27BB-4D03-B819-4991C58DD0E9}"
EndProject
Project("{2150E333-8FDC-42A3-9474-1A3956D46DE8}") = "External", "External", "{6E70F8D4-4ECC-42D0-AF69-2EE1C071C3D7}"
EndProject
Project("{8BC9CEB8-8B4A-11D0-8D11-00A0C91BC942}") = "gmtl-0.6.0", "..\..\external\gmtl-0.6.0\build\gmtl-0.6.0.vcproj", "{89F6F021-A1A8-4161-9A9D-4C9D1AFBC923}"
EndProject
Project("{2150E333-8FDC-42A3-9474-1A3956D46DE8}") = "Plugins", "Plugins", "{E0ECAA91-7AE1-42D3-B972-1A62CE0025CE}"
EndProject
Project("{2150E333-8FDC-42A3-9474-1A3956D46DE8}") = "Tools", "Tools", "{C9C25768-4843-4E26-938C-51E48B5EA717}"
EndProject
Project("{8BC9CEB8-8B4A-11D0-8D11-00A0C91BC942}") = "Ill.Editor", "Editor\Ill.Editor.vcproj", "{09C3A9C7-B2CE-41B9-8675-343C1F26CF03}"
EndProject
Project("{8BC9CEB8-8B4A-11D0-8D11-00A0C91BC942}") = "Ill.Audio", "Engine\Ill.Audio.vcproj", "{D7C864D8-5EE6-449B-9CA6-56B79EB08367}"
EndProject
Project("{8BC9CEB8-8B4A-11D0-8D11-00A0C91BC942}") = "Ill.Graphics", "Engine\Ill.Graphics.vcproj", "{0586457C-9061-4054-97A1-058B235EEB77}"
EndProject
Project("{8BC9CEB8-8B4A-11D0-8D11-00A0C91BC942}") = "Ill.Network", "Engine\Ill.Network.vcproj", "{0E9A605D-6A09-4303-B6E5-4044EB95D9EE}"
EndProject
Project("{8BC9CEB8-8B4A-11D0-8D11-00A0C91BC942}") = "Ill.Physics", "Engine\Ill.Physics.vcproj", "{820FB986-B935-4C02-AE58-44FC54FD505A}"
EndProject
Project("{FAE04EC0-301F-11D3-BF4B-00C04F79EFBC}") = "DependencyConfigurationUtility", "Tools\DependencyConfigurationUtility\DependencyConfigurationUtility.csproj", "{46885ECC-4817-4899-B9DE-DF4094E37165}"
EndProject
Project("{FAE04EC0-301F-11D3-BF4B-00C04F79EFBC}") = "BoostDependency", "Tools\DependencyConfigurationUtility\BoostDependency\BoostDependency.csproj", "{5A41EC83-B4D8-45CE-889B-67CB75362AE6}"
EndProject
Project("{2150E333-8FDC-42A3-9474-1A3956D46DE8}") = "DependencyConfiguration", "DependencyConfiguration", "{DB30D8E1-3530-4F51-9B77-8C7E1DA32145}"
EndProject
Project("{FAE04EC0-301F-11D3-BF4B-00C04F79EFBC}") = "DependencyLibrary", "Tools\DependencyConfigurationUtility\DependencyLibrary\DependencyLibrary.csproj", "{CD54F248-A673-495C-8AFA-F4398D94ACAA}"
EndProject
Project("{FAE04EC0-301F-11D3-BF4B-00C04F79EFBC}") = "OgreDependency", "Tools\DependencyConfigurationUtility\OgreDependency\OgreDependency.csproj", "{9F590C55-C03F-4C63-91B4-296EE28BBB7C}"
EndProject
Project("{8BC9CEB8-8B4A-11D0-8D11-00A0C91BC942}") = "Ill.Core", "Engine\Ill.Core.vcproj", "{A41A3F85-F15D-4AD5-8531-B1787DFFEE5D}"
EndProject
Project("{8BC9CEB8-8B4A-11D0-8D11-00A0C91BC942}") = "Ill.OgrePlugin", "Plugins\OgrePlugin.vcproj", "{412E4C3A-0500-4849-BD43-5EE472100582}"
EndProject
Global
	GlobalSection(SolutionConfigurationPlatforms) = preSolution
		Debug|Any CPU = Debug|Any CPU
		Debug|Mixed Platforms = Debug|Mixed Platforms
		Debug|Win32 = Debug|Win32
		DebugStaticLib|Any CPU = DebugStaticLib|Any CPU
		DebugStaticLib|Mixed Platforms = DebugStaticLib|Mixed Platforms
		DebugStaticLib|Win32 = DebugStaticLib|Win32
		Release_NoSTDIO|Any CPU = Release_NoSTDIO|Any CPU
		Release_NoSTDIO|Mixed Platforms = Release_NoSTDIO|Mixed Platforms
		Release_NoSTDIO|Win32 = Release_NoSTDIO|Win32
		Release|Any CPU = Release|Any CPU
		Release|Mixed Platforms = Release|Mixed Platforms
		Release|Win32 = Release|Win32
		ReleaseStaticLib|Any CPU = ReleaseStaticLib|Any CPU
		ReleaseStaticLib|Mixed Platforms = ReleaseStaticLib|Mixed Platforms
		ReleaseStaticLib|Win32 = ReleaseStaticLib|Win32
	EndGlobalSection
	GlobalSection(ProjectConfigurationPlatforms) = postSolution
		{89F6F021-A1A8-4161-9A9D-4C9D1AFBC923}.Debug|Any CPU.ActiveCfg = Debug|Win32
		{89F6F021-A1A8-4161-9A9D-4C9D1AFBC923}.Debug|Mixed Platforms.ActiveCfg = Debug|Win32
		{89F6F021-A1A8-4161-9A9D-4C9D1AFBC923}.Debug|Mixed Platforms.Build.0 = Debug|Win32
		{89F6F021-A1A8-4161-9A9D-4C9D1AFBC923}.Debug|Win32.ActiveCfg = Debug|Win32
		{89F6F021-A1A8-4161-9A9D-4C9D1AFBC923}.Debug|Win32.Build.0 = Debug|Win32
		{89F6F021-A1A8-4161-9A9D-4C9D1AFBC923}.DebugStaticLib|Any CPU.ActiveCfg = Debug|Win32
		{89F6F021-A1A8-4161-9A9D-4C9D1AFBC923}.DebugStaticLib|Mixed Platforms.ActiveCfg = Debug|Win32
		{89F6F021-A1A8-4161-9A9D-4C9D1AFBC923}.DebugStaticLib|Mixed Platforms.Build.0 = Debug|Win32
		{89F6F021-A1A8-4161-9A9D-4C9D1AFBC923}.DebugStaticLib|Win32.ActiveCfg = Debug|Win32
		{89F6F021-A1A8-4161-9A9D-4C9D1AFBC923}.DebugStaticLib|Win32.Build.0 = Debug|Win32
		{89F6F021-A1A8-4161-9A9D-4C9D1AFBC923}.Release_NoSTDIO|Any CPU.ActiveCfg = Release|Win32
		{89F6F021-A1A8-4161-9A9D-4C9D1AFBC923}.Release_NoSTDIO|Mixed Platforms.ActiveCfg = Release|Win32
		{89F6F021-A1A8-4161-9A9D-4C9D1AFBC923}.Release_NoSTDIO|Mixed Platforms.Build.0 = Release|Win32
		{89F6F021-A1A8-4161-9A9D-4C9D1AFBC923}.Release_NoSTDIO|Win32.ActiveCfg = Release|Win32
		{89F6F021-A1A8-4161-9A9D-4C9D1AFBC923}.Release_NoSTDIO|Win32.Build.0 = Release|Win32
		{89F6F021-A1A8-4161-9A9D-4C9D1AFBC923}.Release|Any CPU.ActiveCfg = Release|Win32
		{89F6F021-A1A8-4161-9A9D-4C9D1AFBC923}.Release|Mixed Platforms.ActiveCfg = Release|Win32
		{89F6F021-A1A8-4161-9A9D-4C9D1AFBC923}.Release|Mixed Platforms.Build.0 = Release|Win32
		{89F6F021-A1A8-4161-9A9D-4C9D1AFBC923}.Release|Win32.ActiveCfg = Release|Win32
		{89F6F021-A1A8-4161-9A9D-4C9D1AFBC923}.Release|Win32.Build.0 = Release|Win32
		{89F6F021-A1A8-4161-9A9D-4C9D1AFBC923}.ReleaseStaticLib|Any CPU.ActiveCfg = Release|Win32
		{89F6F021-A1A8-4161-9A9D-4C9D1AFBC923}.ReleaseStaticLib|Mixed Platforms.ActiveCfg = Release|Win32
		{89F6F021-A1A8-4161-9A9D-4C9D1AFBC923}.ReleaseStaticLib|Mixed Platforms.Build.0 = Release|Win32
		{89F6F021-A1A8-4161-9A9D-4C9D1AFBC923}.ReleaseStaticLib|Win32.ActiveCfg = Release|Win32
		{89F6F021-A1A8-4161-9A9D-4C9D1AFBC923}.ReleaseStaticLib|Win32.Build.0 = Release|Win32
		{09C3A9C7-B2CE-41B9-8675-343C1F26CF03}.Debug|Any CPU.ActiveCfg = Debug|Win32
		{09C3A9C7-B2CE-41B9-8675-343C1F26CF03}.Debug|Mixed Platforms.ActiveCfg = Debug|Win32
		{09C3A9C7-B2CE-41B9-8675-343C1F26CF03}.Debug|Mixed Platforms.Build.0 = Debug|Win32
		{09C3A9C7-B2CE-41B9-8675-343C1F26CF03}.Debug|Win32.ActiveCfg = Debug|Win32
		{09C3A9C7-B2CE-41B9-8675-343C1F26CF03}.Debug|Win32.Build.0 = Debug|Win32
		{09C3A9C7-B2CE-41B9-8675-343C1F26CF03}.DebugStaticLib|Any CPU.ActiveCfg = Debug|Win32
		{09C3A9C7-B2CE-41B9-8675-343C1F26CF03}.DebugStaticLib|Mixed Platforms.ActiveCfg = Debug|Win32
		{09C3A9C7-B2CE-41B9-8675-343C1F26CF03}.DebugStaticLib|Mixed Platforms.Build.0 = Debug|Win32
		{09C3A9C7-B2CE-41B9-8675-343C1F26CF03}.DebugStaticLib|Win32.ActiveCfg = Debug|Win32
		{09C3A9C7-B2CE-41B9-8675-343C1F26CF03}.DebugStaticLib|Win32.Build.0 = Debug|Win32
		{09C3A9C7-B2CE-41B9-8675-343C1F26CF03}.Release_NoSTDIO|Any CPU.ActiveCfg = Release|Win32
		{09C3A9C7-B2CE-41B9-8675-343C1F26CF03}.Release_NoSTDIO|Mixed Platforms.ActiveCfg = Release|Win32
		{09C3A9C7-B2CE-41B9-8675-343C1F26CF03}.Release_NoSTDIO|Mixed Platforms.Build.0 = Release|Win32
		{09C3A9C7-B2CE-41B9-8675-343C1F26CF03}.Release_NoSTDIO|Win32.ActiveCfg = Release|Win32
		{09C3A9C7-B2CE-41B9-8675-343C1F26CF03}.Release_NoSTDIO|Win32.Build.0 = Release|Win32
		{09C3A9C7-B2CE-41B9-8675-343C1F26CF03}.Release|Any CPU.ActiveCfg = Release|Win32
		{09C3A9C7-B2CE-41B9-8675-343C1F26CF03}.Release|Mixed Platforms.ActiveCfg = Release|Win32
		{09C3A9C7-B2CE-41B9-8675-343C1F26CF03}.Release|Mixed Platforms.Build.0 = Release|Win32
		{09C3A9C7-B2CE-41B9-8675-343C1F26CF03}.Release|Win32.ActiveCfg = Release|Win32
		{09C3A9C7-B2CE-41B9-8675-343C1F26CF03}.Release|Win32.Build.0 = Release|Win32
		{09C3A9C7-B2CE-41B9-8675-343C1F26CF03}.ReleaseStaticLib|Any CPU.ActiveCfg = Release|Win32
		{09C3A9C7-B2CE-41B9-8675-343C1F26CF03}.ReleaseStaticLib|Mixed Platforms.ActiveCfg = Release|Win32
		{09C3A9C7-B2CE-41B9-8675-343C1F26CF03}.ReleaseStaticLib|Mixed Platforms.Build.0 = Release|Win32
		{09C3A9C7-B2CE-41B9-8675-343C1F26CF03}.ReleaseStaticLib|Win32.ActiveCfg = Release|Win32
		{09C3A9C7-B2CE-41B9-8675-343C1F26CF03}.ReleaseStaticLib|Win32.Build.0 = Release|Win32
		{D7C864D8-5EE6-449B-9CA6-56B79EB08367}.Debug|Any CPU.ActiveCfg = Debug|Win32
		{D7C864D8-5EE6-449B-9CA6-56B79EB08367}.Debug|Mixed Platforms.ActiveCfg = Debug|Win32
		{D7C864D8-5EE6-449B-9CA6-56B79EB08367}.Debug|Mixed Platforms.Build.0 = Debug|Win32
		{D7C864D8-5EE6-449B-9CA6-56B79EB08367}.Debug|Win32.ActiveCfg = Debug|Win32
		{D7C864D8-5EE6-449B-9CA6-56B79EB08367}.Debug|Win32.Build.0 = Debug|Win32
		{D7C864D8-5EE6-449B-9CA6-56B79EB08367}.DebugStaticLib|Any CPU.ActiveCfg = Debug|Win32
		{D7C864D8-5EE6-449B-9CA6-56B79EB08367}.DebugStaticLib|Mixed Platforms.ActiveCfg = Debug|Win32
		{D7C864D8-5EE6-449B-9CA6-56B79EB08367}.DebugStaticLib|Mixed Platforms.Build.0 = Debug|Win32
		{D7C864D8-5EE6-449B-9CA6-56B79EB08367}.DebugStaticLib|Win32.ActiveCfg = Debug|Win32
		{D7C864D8-5EE6-449B-9CA6-56B79EB08367}.DebugStaticLib|Win32.Build.0 = Debug|Win32
		{D7C864D8-5EE6-449B-9CA6-56B79EB08367}.Release_NoSTDIO|Any CPU.ActiveCfg = Release|Win32
		{D7C864D8-5EE6-449B-9CA6-56B79EB08367}.Release_NoSTDIO|Mixed Platforms.ActiveCfg = Release|Win32
		{D7C864D8-5EE6-449B-9CA6-56B79EB08367}.Release_NoSTDIO|Mixed Platforms.Build.0 = Release|Win32
		{D7C864D8-5EE6-449B-9CA6-56B79EB08367}.Release_NoSTDIO|Win32.ActiveCfg = Release|Win32
		{D7C864D8-5EE6-449B-9CA6-56B79EB08367}.Release_NoSTDIO|Win32.Build.0 = Release|Win32
		{D7C864D8-5EE6-449B-9CA6-56B79EB08367}.Release|Any CPU.ActiveCfg = Release|Win32
		{D7C864D8-5EE6-449B-9CA6-56B79EB08367}.Release|Mixed Platforms.ActiveCfg = Release|Win32
		{D7C864D8-5EE6-449B-9CA6-56B79EB08367}.Release|Mixed Platforms.Build.0 = Release|Win32
		{D7C864D8-5EE6-449B-9CA6-56B79EB08367}.Release|Win32.ActiveCfg = Release|Win32
		{D7C864D8-5EE6-449B-9CA6-56B79EB08367}.Release|Win32.Build.0 = Release|Win32
		{D7C864D8-5EE6-449B-9CA6-56B79EB08367}.ReleaseStaticLib|Any CPU.ActiveCfg = Release|Win32
		{D7C864D8-5EE6-449B-9CA6-56B79EB08367}.ReleaseStaticLib|Mixed Platforms.ActiveCfg = Release|Win32
		{D7C864D8-5EE6-449B-9CA6-56B79EB08367}.ReleaseStaticLib|Mixed Platforms.Build.0 = Release|Win32
		{D7C864D8-5EE6-449B-9CA6-56B79EB08367}.ReleaseStaticLib|Win32.ActiveCfg = Release|Win32
		{D7C864D8-5EE6-449B-9CA6-56B79EB08367}.ReleaseStaticLib|Win32.Build.0 = Release|Win32
		{0586457C-9061-4054-97A1-058B235EEB77}.Debug|Any CPU.ActiveCfg = Debug|Win32
		{0586457C-9061-4054-97A1-058B235EEB77}.Debug|Mixed Platforms.ActiveCfg = Debug|Win32
		{0586457C-9061-4054-97A1-058B235EEB77}.Debug|Mixed Platforms.Build.0 = Debug|Win32
		{0586457C-9061-4054-97A1-058B235EEB77}.Debug|Win32.ActiveCfg = Debug|Win32
		{0586457C-9061-4054-97A1-058B235EEB77}.Debug|Win32.Build.0 = Debug|Win32
		{0586457C-9061-4054-97A1-058B235EEB77}.DebugStaticLib|Any CPU.ActiveCfg = Debug|Win32
		{0586457C-9061-4054-97A1-058B235EEB77}.DebugStaticLib|Mixed Platforms.ActiveCfg = Debug|Win32
		{0586457C-9061-4054-97A1-058B235EEB77}.DebugStaticLib|Mixed Platforms.Build.0 = Debug|Win32
		{0586457C-9061-4054-97A1-058B235EEB77}.DebugStaticLib|Win32.ActiveCfg = Debug|Win32
		{0586457C-9061-4054-97A1-058B235EEB77}.DebugStaticLib|Win32.Build.0 = Debug|Win32
		{0586457C-9061-4054-97A1-058B235EEB77}.Release_NoSTDIO|Any CPU.ActiveCfg = Release|Win32
		{0586457C-9061-4054-97A1-058B235EEB77}.Release_NoSTDIO|Mixed Platforms.ActiveCfg = Release|Win32
		{0586457C-9061-4054-97A1-058B235EEB77}.Release_NoSTDIO|Mixed Platforms.Build.0 = Release|Win32
		{0586457C-9061-4054-97A1-058B235EEB77}.Release_NoSTDIO|Win32.ActiveCfg = Release|Win32
		{0586457C-9061-4054-97A1-058B235EEB77}.Release_NoSTDIO|Win32.Build.0 = Release|Win32
		{0586457C-9061-4054-97A1-058B235EEB77}.Release|Any CPU.ActiveCfg = Release|Win32
		{0586457C-9061-4054-97A1-058B235EEB77}.Release|Mixed Platforms.ActiveCfg = Release|Win32
		{0586457C-9061-4054-97A1-058B235EEB77}.Release|Mixed Platforms.Build.0 = Release|Win32
		{0586457C-9061-4054-97A1-058B235EEB77}.Release|Win32.ActiveCfg = Release|Win32
		{0586457C-9061-4054-97A1-058B235EEB77}.Release|Win32.Build.0 = Release|Win32
		{0586457C-9061-4054-97A1-058B235EEB77}.ReleaseStaticLib|Any CPU.ActiveCfg = Release|Win32
		{0586457C-9061-4054-97A1-058B235EEB77}.ReleaseStaticLib|Mixed Platforms.ActiveCfg = Release|Win32
		{0586457C-9061-4054-97A1-058B235EEB77}.ReleaseStaticLib|Mixed Platforms.Build.0 = Release|Win32
		{0586457C-9061-4054-97A1-058B235EEB77}.ReleaseStaticLib|Win32.ActiveCfg = Release|Win32
		{0586457C-9061-4054-97A1-058B235EEB77}.ReleaseStaticLib|Win32.Build.0 = Release|Win32
		{0E9A605D-6A09-4303-B6E5-4044EB95D9EE}.Debug|Any CPU.ActiveCfg = Debug|Win32
		{0E9A605D-6A09-4303-B6E5-4044EB95D9EE}.Debug|Mixed Platforms.ActiveCfg = Debug|Win32
		{0E9A605D-6A09-4303-B6E5-4044EB95D9EE}.Debug|Mixed Platforms.Build.0 = Debug|Win32
		{0E9A605D-6A09-4303-B6E5-4044EB95D9EE}.Debug|Win32.ActiveCfg = Debug|Win32
		{0E9A605D-6A09-4303-B6E5-4044EB95D9EE}.Debug|Win32.Build.0 = Debug|Win32
		{0E9A605D-6A09-4303-B6E5-4044EB95D9EE}.DebugStaticLib|Any CPU.ActiveCfg = Debug|Win32
		{0E9A605D-6A09-4303-B6E5-4044EB95D9EE}.DebugStaticLib|Mixed Platforms.ActiveCfg = Debug|Win32
		{0E9A605D-6A09-4303-B6E5-4044EB95D9EE}.DebugStaticLib|Mixed Platforms.Build.0 = Debug|Win32
		{0E9A605D-6A09-4303-B6E5-4044EB95D9EE}.DebugStaticLib|Win32.ActiveCfg = Debug|Win32
		{0E9A605D-6A09-4303-B6E5-4044EB95D9EE}.DebugStaticLib|Win32.Build.0 = Debug|Win32
		{0E9A605D-6A09-4303-B6E5-4044EB95D9EE}.Release_NoSTDIO|Any CPU.ActiveCfg = Release|Win32
		{0E9A605D-6A09-4303-B6E5-4044EB95D9EE}.Release_NoSTDIO|Mixed Platforms.ActiveCfg = Release|Win32
		{0E9A605D-6A09-4303-B6E5-4044EB95D9EE}.Release_NoSTDIO|Mixed Platforms.Build.0 = Release|Win32
		{0E9A605D-6A09-4303-B6E5-4044EB95D9EE}.Release_NoSTDIO|Win32.ActiveCfg = Release|Win32
		{0E9A605D-6A09-4303-B6E5-4044EB95D9EE}.Release_NoSTDIO|Win32.Build.0 = Release|Win32
		{0E9A605D-6A09-4303-B6E5-4044EB95D9EE}.Release|Any CPU.ActiveCfg = Release|Win32
		{0E9A605D-6A09-4303-B6E5-4044EB95D9EE}.Release|Mixed Platforms.ActiveCfg = Release|Win32
		{0E9A605D-6A09-4303-B6E5-4044EB95D9EE}.Release|Mixed Platforms.Build.0 = Release|Win32
		{0E9A605D-6A09-4303-B6E5-4044EB95D9EE}.Release|Win32.ActiveCfg = Release|Win32
		{0E9A605D-6A09-4303-B6E5-4044EB95D9EE}.Release|Win32.Build.0 = Release|Win32
		{0E9A605D-6A09-4303-B6E5-4044EB95D9EE}.ReleaseStaticLib|Any CPU.ActiveCfg = Release|Win32
		{0E9A605D-6A09-4303-B6E5-4044EB95D9EE}.ReleaseStaticLib|Mixed Platforms.ActiveCfg = Release|Win32
		{0E9A605D-6A09-4303-B6E5-4044EB95D9EE}.ReleaseStaticLib|Mixed Platforms.Build.0 = Release|Win32
		{0E9A605D-6A09-4303-B6E5-4044EB95D9EE}.ReleaseStaticLib|Win32.ActiveCfg = Release|Win32
		{0E9A605D-6A09-4303-B6E5-4044EB95D9EE}.ReleaseStaticLib|Win32.Build.0 = Release|Win32
		{820FB986-B935-4C02-AE58-44FC54FD505A}.Debug|Any CPU.ActiveCfg = Debug|Win32
		{820FB986-B935-4C02-AE58-44FC54FD505A}.Debug|Mixed Platforms.ActiveCfg = Debug|Win32
		{820FB986-B935-4C02-AE58-44FC54FD505A}.Debug|Mixed Platforms.Build.0 = Debug|Win32
		{820FB986-B935-4C02-AE58-44FC54FD505A}.Debug|Win32.ActiveCfg = Debug|Win32
		{820FB986-B935-4C02-AE58-44FC54FD505A}.Debug|Win32.Build.0 = Debug|Win32
		{820FB986-B935-4C02-AE58-44FC54FD505A}.DebugStaticLib|Any CPU.ActiveCfg = Debug|Win32
		{820FB986-B935-4C02-AE58-44FC54FD505A}.DebugStaticLib|Mixed Platforms.ActiveCfg = Debug|Win32
		{820FB986-B935-4C02-AE58-44FC54FD505A}.DebugStaticLib|Mixed Platforms.Build.0 = Debug|Win32
		{820FB986-B935-4C02-AE58-44FC54FD505A}.DebugStaticLib|Win32.ActiveCfg = Debug|Win32
		{820FB986-B935-4C02-AE58-44FC54FD505A}.DebugStaticLib|Win32.Build.0 = Debug|Win32
		{820FB986-B935-4C02-AE58-44FC54FD505A}.Release_NoSTDIO|Any CPU.ActiveCfg = Release|Win32
		{820FB986-B935-4C02-AE58-44FC54FD505A}.Release_NoSTDIO|Mixed Platforms.ActiveCfg = Release|Win32
		{820FB986-B935-4C02-AE58-44FC54FD505A}.Release_NoSTDIO|Mixed Platforms.Build.0 = Release|Win32
		{820FB986-B935-4C02-AE58-44FC54FD505A}.Release_NoSTDIO|Win32.ActiveCfg = Release|Win32
		{820FB986-B935-4C02-AE58-44FC54FD505A}.Release_NoSTDIO|Win32.Build.0 = Release|Win32
		{820FB986-B935-4C02-AE58-44FC54FD505A}.Release|Any CPU.ActiveCfg = Release|Win32
		{820FB986-B935-4C02-AE58-44FC54FD505A}.Release|Mixed Platforms.ActiveCfg = Release|Win32
		{820FB986-B935-4C02-AE58-44FC54FD505A}.Release|Mixed Platforms.Build.0 = Release|Win32
		{820FB986-B935-4C02-AE58-44FC54FD505A}.Release|Win32.ActiveCfg = Release|Win32
		{820FB986-B935-4C02-AE58-44FC54FD505A}.Release|Win32.Build.0 = Release|Win32
		{820FB986-B935-4C02-AE58-44FC54FD505A}.ReleaseStaticLib|Any CPU.ActiveCfg = Release|Win32
		{820FB986-B935-4C02-AE58-44FC54FD505A}.ReleaseStaticLib|Mixed Platforms.ActiveCfg = Release|Win32
		{820FB986-B935-4C02-AE58-44FC54FD505A}.ReleaseStaticLib|Mixed Platforms.Build.0 = Release|Win32
		{820FB986-B935-4C02-AE58-44FC54FD505A}.ReleaseStaticLib|Win32.ActiveCfg = Release|Win32
		{820FB986-B935-4C02-AE58-44FC54FD505A}.ReleaseStaticLib|Win32.Build.0 = Release|Win32
		{46885ECC-4817-4899-B9DE-DF4094E37165}.Debug|Any CPU.ActiveCfg = Debug|Any CPU
		{46885ECC-4817-4899-B9DE-DF4094E37165}.Debug|Any CPU.Build.0 = Debug|Any CPU
		{46885ECC-4817-4899-B9DE-DF4094E37165}.Debug|Mixed Platforms.ActiveCfg = Debug|Any CPU
		{46885ECC-4817-4899-B9DE-DF4094E37165}.Debug|Mixed Platforms.Build.0 = Debug|Any CPU
		{46885ECC-4817-4899-B9DE-DF4094E37165}.Debug|Win32.ActiveCfg = Debug|Any CPU
		{46885ECC-4817-4899-B9DE-DF4094E37165}.DebugStaticLib|Any CPU.ActiveCfg = Debug|Any CPU
		{46885ECC-4817-4899-B9DE-DF4094E37165}.DebugStaticLib|Any CPU.Build.0 = Debug|Any CPU
		{46885ECC-4817-4899-B9DE-DF4094E37165}.DebugStaticLib|Mixed Platforms.ActiveCfg = Debug|Any CPU
		{46885ECC-4817-4899-B9DE-DF4094E37165}.DebugStaticLib|Mixed Platforms.Build.0 = Debug|Any CPU
		{46885ECC-4817-4899-B9DE-DF4094E37165}.DebugStaticLib|Win32.ActiveCfg = Debug|Any CPU
		{46885ECC-4817-4899-B9DE-DF4094E37165}.Release_NoSTDIO|Any CPU.ActiveCfg = Release|Any CPU
		{46885ECC-4817-4899-B9DE-DF4094E37165}.Release_NoSTDIO|Any CPU.Build.0 = Release|Any CPU
		{46885ECC-4817-4899-B9DE-DF4094E37165}.Release_NoSTDIO|Mixed Platforms.ActiveCfg = Release|Any CPU
		{46885ECC-4817-4899-B9DE-DF4094E37165}.Release_NoSTDIO|Mixed Platforms.Build.0 = Release|Any CPU
		{46885ECC-4817-4899-B9DE-DF4094E37165}.Release_NoSTDIO|Win32.ActiveCfg = Release|Any CPU
		{46885ECC-4817-4899-B9DE-DF4094E37165}.Release|Any CPU.ActiveCfg = Release|Any CPU
		{46885ECC-4817-4899-B9DE-DF4094E37165}.Release|Any CPU.Build.0 = Release|Any CPU
		{46885ECC-4817-4899-B9DE-DF4094E37165}.Release|Mixed Platforms.ActiveCfg = Release|Any CPU
		{46885ECC-4817-4899-B9DE-DF4094E37165}.Release|Mixed Platforms.Build.0 = Release|Any CPU
		{46885ECC-4817-4899-B9DE-DF4094E37165}.Release|Win32.ActiveCfg = Release|Any CPU
		{46885ECC-4817-4899-B9DE-DF4094E37165}.ReleaseStaticLib|Any CPU.ActiveCfg = Release|Any CPU
		{46885ECC-4817-4899-B9DE-DF4094E37165}.ReleaseStaticLib|Any CPU.Build.0 = Release|Any CPU
		{46885ECC-4817-4899-B9DE-DF4094E37165}.ReleaseStaticLib|Mixed Platforms.ActiveCfg = Release|Any CPU
		{46885ECC-4817-4899-B9DE-DF4094E37165}.ReleaseStaticLib|Mixed Platforms.Build.0 = Release|Any CPU
		{46885ECC-4817-4899-B9DE-DF4094E37165}.ReleaseStaticLib|Win32.ActiveCfg = Release|Any CPU
		{5A41EC83-B4D8-45CE-889B-67CB75362AE6}.Debug|Any CPU.ActiveCfg = Debug|Any CPU
		{5A41EC83-B4D8-45CE-889B-67CB75362AE6}.Debug|Any CPU.Build.0 = Debug|Any CPU
		{5A41EC83-B4D8-45CE-889B-67CB75362AE6}.Debug|Mixed Platforms.ActiveCfg = Debug|Any CPU
		{5A41EC83-B4D8-45CE-889B-67CB75362AE6}.Debug|Mixed Platforms.Build.0 = Debug|Any CPU
		{5A41EC83-B4D8-45CE-889B-67CB75362AE6}.Debug|Win32.ActiveCfg = Debug|Any CPU
		{5A41EC83-B4D8-45CE-889B-67CB75362AE6}.DebugStaticLib|Any CPU.ActiveCfg = Debug|Any CPU
		{5A41EC83-B4D8-45CE-889B-67CB75362AE6}.DebugStaticLib|Any CPU.Build.0 = Debug|Any CPU
		{5A41EC83-B4D8-45CE-889B-67CB75362AE6}.DebugStaticLib|Mixed Platforms.ActiveCfg = Debug|Any CPU
		{5A41EC83-B4D8-45CE-889B-67CB75362AE6}.DebugStaticLib|Mixed Platforms.Build.0 = Debug|Any CPU
		{5A41EC83-B4D8-45CE-889B-67CB75362AE6}.DebugStaticLib|Win32.ActiveCfg = Debug|Any CPU
		{5A41EC83-B4D8-45CE-889B-67CB75362AE6}.Release_NoSTDIO|Any CPU.ActiveCfg = Release|Any CPU
		{5A41EC83-B4D8-45CE-889B-67CB75362AE6}.Release_NoSTDIO|Any CPU.Build.0 = Release|Any CPU
		{5A41EC83-B4D8-45CE-889B-67CB75362AE6}.Release_NoSTDIO|Mixed Platforms.ActiveCfg = Release|Any CPU
		{5A41EC83-B4D8-45CE-889B-67CB75362AE6}.Release_NoSTDIO|Mixed Platforms.Build.0 = Release|Any CPU
		{5A41EC83-B4D8-45CE-889B-67CB75362AE6}.Release_NoSTDIO|Win32.ActiveCfg = Release|Any CPU
		{5A41EC83-B4D8-45CE-889B-67CB75362AE6}.Release|Any CPU.ActiveCfg = Release|Any CPU
		{5A41EC83-B4D8-45CE-889B-67CB75362AE6}.Release|Any CPU.Build.0 = Release|Any CPU
		{5A41EC83-B4D8-45CE-889B-67CB75362AE6}.Release|Mixed Platforms.ActiveCfg = Release|Any CPU
		{5A41EC83-B4D8-45CE-889B-67CB75362AE6}.Release|Mixed Platforms.Build.0 = Release|Any CPU
		{5A41EC83-B4D8-45CE-889B-67CB75362AE6}.Release|Win32.ActiveCfg = Release|Any CPU
		{5A41EC83-B4D8-45CE-889B-67CB75362AE6}.ReleaseStaticLib|Any CPU.ActiveCfg = Release|Any CPU
		{5A41EC83-B4D8-45CE-889B-67CB75362AE6}.ReleaseStaticLib|Any CPU.Build.0 = Release|Any CPU
		{5A41EC83-B4D8-45CE-889B-67CB75362AE6}.ReleaseStaticLib|Mixed Platforms.ActiveCfg = Release|Any CPU
		{5A41EC83-B4D8-45CE-889B-67CB75362AE6}.ReleaseStaticLib|Mixed Platforms.Build.0 = Release|Any CPU
		{5A41EC83-B4D8-45CE-889B-67CB75362AE6}.ReleaseStaticLib|Win32.ActiveCfg = Release|Any CPU
		{CD54F248-A673-495C-8AFA-F4398D94ACAA}.Debug|Any CPU.ActiveCfg = Debug|Any CPU
		{CD54F248-A673-495C-8AFA-F4398D94ACAA}.Debug|Any CPU.Build.0 = Debug|Any CPU
		{CD54F248-A673-495C-8AFA-F4398D94ACAA}.Debug|Mixed Platforms.ActiveCfg = Debug|Any CPU
		{CD54F248-A673-495C-8AFA-F4398D94ACAA}.Debug|Mixed Platforms.Build.0 = Debug|Any CPU
		{CD54F248-A673-495C-8AFA-F4398D94ACAA}.Debug|Win32.ActiveCfg = Debug|Any CPU
		{CD54F248-A673-495C-8AFA-F4398D94ACAA}.DebugStaticLib|Any CPU.ActiveCfg = Debug|Any CPU
		{CD54F248-A673-495C-8AFA-F4398D94ACAA}.DebugStaticLib|Any CPU.Build.0 = Debug|Any CPU
		{CD54F248-A673-495C-8AFA-F4398D94ACAA}.DebugStaticLib|Mixed Platforms.ActiveCfg = Debug|Any CPU
		{CD54F248-A673-495C-8AFA-F4398D94ACAA}.DebugStaticLib|Mixed Platforms.Build.0 = Debug|Any CPU
		{CD54F248-A673-495C-8AFA-F4398D94ACAA}.DebugStaticLib|Win32.ActiveCfg = Debug|Any CPU
		{CD54F248-A673-495C-8AFA-F4398D94ACAA}.Release_NoSTDIO|Any CPU.ActiveCfg = Release|Any CPU
		{CD54F248-A673-495C-8AFA-F4398D94ACAA}.Release_NoSTDIO|Any CPU.Build.0 = Release|Any CPU
		{CD54F248-A673-495C-8AFA-F4398D94ACAA}.Release_NoSTDIO|Mixed Platforms.ActiveCfg = Release|Any CPU
		{CD54F248-A673-495C-8AFA-F4398D94ACAA}.Release_NoSTDIO|Mixed Platforms.Build.0 = Release|Any CPU
		{CD54F248-A673-495C-8AFA-F4398D94ACAA}.Release_NoSTDIO|Win32.ActiveCfg = Release|Any CPU
		{CD54F248-A673-495C-8AFA-F4398D94ACAA}.Release|Any CPU.ActiveCfg = Release|Any CPU
		{CD54F248-A673-495C-8AFA-F4398D94ACAA}.Release|Any CPU.Build.0 = Release|Any CPU
		{CD54F248-A673-495C-8AFA-F4398D94ACAA}.Release|Mixed Platforms.ActiveCfg = Release|Any CPU
		{CD54F248-A673-495C-8AFA-F4398D94ACAA}.Release|Mixed Platforms.Build.0 = Release|Any CPU
		{CD54F248-A673-495C-8AFA-F4398D94ACAA}.Release|Win32.ActiveCfg = Release|Any CPU
		{CD54F248-A673-495C-8AFA-F4398D94ACAA}.ReleaseStaticLib|Any CPU.ActiveCfg = Release|Any CPU
		{CD54F248-A673-495C-8AFA-F4398D94ACAA}.ReleaseStaticLib|Any CPU.Build.0 = Release|Any CPU
		{CD54F248-A673-495C-8AFA-F4398D94ACAA}.ReleaseStaticLib|Mixed Platforms.ActiveCfg = Release|Any CPU
		{CD54F248-A673-495C-8AFA-F4398D94ACAA}.ReleaseStaticLib|Mixed Platforms.Build.0 = Release|Any CPU
		{CD54F248-A673-495C-8AFA-F4398D94ACAA}.ReleaseStaticLib|Win32.ActiveCfg = Release|Any CPU
		{9F590C55-C03F-4C63-91B4-296EE28BBB7C}.Debug|Any CPU.ActiveCfg = Debug|Any CPU
		{9F590C55-C03F-4C63-91B4-296EE28BBB7C}.Debug|Any CPU.Build.0 = Debug|Any CPU
		{9F590C55-C03F-4C63-91B4-296EE28BBB7C}.Debug|Mixed Platforms.ActiveCfg = Debug|Any CPU
		{9F590C55-C03F-4C63-91B4-296EE28BBB7C}.Debug|Mixed Platforms.Build.0 = Debug|Any CPU
		{9F590C55-C03F-4C63-91B4-296EE28BBB7C}.Debug|Win32.ActiveCfg = Debug|Any CPU
		{9F590C55-C03F-4C63-91B4-296EE28BBB7C}.DebugStaticLib|Any CPU.ActiveCfg = Debug|Any CPU
		{9F590C55-C03F-4C63-91B4-296EE28BBB7C}.DebugStaticLib|Any CPU.Build.0 = Debug|Any CPU
		{9F590C55-C03F-4C63-91B4-296EE28BBB7C}.DebugStaticLib|Mixed Platforms.ActiveCfg = Debug|Any CPU
		{9F590C55-C03F-4C63-91B4-296EE28BBB7C}.DebugStaticLib|Mixed Platforms.Build.0 = Debug|Any CPU
		{9F590C55-C03F-4C63-91B4-296EE28BBB7C}.DebugStaticLib|Win32.ActiveCfg = Debug|Any CPU
		{9F590C55-C03F-4C63-91B4-296EE28BBB7C}.Release_NoSTDIO|Any CPU.ActiveCfg = Release|Any CPU
		{9F590C55-C03F-4C63-91B4-296EE28BBB7C}.Release_NoSTDIO|Any CPU.Build.0 = Release|Any CPU
		{9F590C55-C03F-4C63-91B4-296EE28BBB7C}.Release_NoSTDIO|Mixed Platforms.ActiveCfg = Release|Any CPU
		{9F590C55-C03F-4C63-91B4-296EE28BBB7C}.Release_NoSTDIO|Mixed Platforms.Build.0 = Release|Any CPU
		{9F590C55-C03F-4C63-91B4-296EE28BBB7C}.Release_NoSTDIO|Win32.ActiveCfg = Release|Any CPU
		{9F590C55-C03F-4C63-91B4-296EE28BBB7C}.Release|Any CPU.ActiveCfg = Release|Any CPU
		{9F590C55-C03F-4C63-91B4-296EE28BBB7C}.Release|Any CPU.Build.0 = Release|Any CPU
		{9F590C55-C03F-4C63-91B4-296EE28BBB7C}.Release|Mixed Platforms.ActiveCfg = Release|Any CPU
		{9F590C55-C03F-4C63-91B4-296EE28BBB7C}.Release|Mixed Platforms.Build.0 = Release|Any CPU
		{9F590C55-C03F-4C63-91B4-296EE28BBB7C}.Release|Win32.ActiveCfg = Release|Any CPU
		{9F590C55-C03F-4C63-91B4-296EE28BBB7C}.ReleaseStaticLib|Any CPU.ActiveCfg = Release|Any CPU
		{9F590C55-C03F-4C63-91B4-296EE28BBB7C}.ReleaseStaticLib|Any CPU.Build.0 = Release|Any CPU
		{9F590C55-C03F-4C63-91B4-296EE28BBB7C}.ReleaseStaticLib|Mixed Platforms.ActiveCfg = Release|Any CPU
		{9F590C55-C03F-4C63-91B4-296EE28BBB7C}.ReleaseStaticLib|Mixed Platforms.Build.0 = Release|Any CPU
		{9F590C55-C03F-4C63-91B4-296EE28BBB7C}.ReleaseStaticLib|Win32.ActiveCfg = Release|Any CPU
		{A41A3F85-F15D-4AD5-8531-B1787DFFEE5D}.Debug|Any CPU.ActiveCfg = Debug|Win32
		{A41A3F85-F15D-4AD5-8531-B1787DFFEE5D}.Debug|Mixed Platforms.ActiveCfg = Debug|Win32
		{A41A3F85-F15D-4AD5-8531-B1787DFFEE5D}.Debug|Mixed Platforms.Build.0 = Debug|Win32
		{A41A3F85-F15D-4AD5-8531-B1787DFFEE5D}.Debug|Win32.ActiveCfg = Debug|Win32
		{A41A3F85-F15D-4AD5-8531-B1787DFFEE5D}.Debug|Win32.Build.0 = Debug|Win32
		{A41A3F85-F15D-4AD5-8531-B1787DFFEE5D}.DebugStaticLib|Any CPU.ActiveCfg = Debug|Win32
		{A41A3F85-F15D-4AD5-8531-B1787DFFEE5D}.DebugStaticLib|Mixed Platforms.ActiveCfg = Debug|Win32
		{A41A3F85-F15D-4AD5-8531-B1787DFFEE5D}.DebugStaticLib|Mixed Platforms.Build.0 = Debug|Win32
		{A41A3F85-F15D-4AD5-8531-B1787DFFEE5D}.DebugStaticLib|Win32.ActiveCfg = Debug|Win32
		{A41A3F85-F15D-4AD5-8531-B1787DFFEE5D}.DebugStaticLib|Win32.Build.0 = Debug|Win32
		{A41A3F85-F15D-4AD5-8531-B1787DFFEE5D}.Release_NoSTDIO|Any CPU.ActiveCfg = Release|Win32
		{A41A3F85-F15D-4AD5-8531-B1787DFFEE5D}.Release_NoSTDIO|Mixed Platforms.ActiveCfg = Release|Win32
		{A41A3F85-F15D-4AD5-8531-B1787DFFEE5D}.Release_NoSTDIO|Mixed Platforms.Build.0 = Release|Win32
		{A41A3F85-F15D-4AD5-8531-B1787DFFEE5D}.Release_NoSTDIO|Win32.ActiveCfg = Release|Win32
		{A41A3F85-F15D-4AD5-8531-B1787DFFEE5D}.Release_NoSTDIO|Win32.Build.0 = Release|Win32
		{A41A3F85-F15D-4AD5-8531-B1787DFFEE5D}.Release|Any CPU.ActiveCfg = Release|Win32
		{A41A3F85-F15D-4AD5-8531-B1787DFFEE5D}.Release|Mixed Platforms.ActiveCfg = Release|Win32
		{A41A3F85-F15D-4AD5-8531-B1787DFFEE5D}.Release|Mixed Platforms.Build.0 = Release|Win32
		{A41A3F85-F15D-4AD5-8531-B1787DFFEE5D}.Release|Win32.ActiveCfg = Release|Win32
		{A41A3F85-F15D-4AD5-8531-B1787DFFEE5D}.Release|Win32.Build.0 = Release|Win32
		{A41A3F85-F15D-4AD5-8531-B1787DFFEE5D}.ReleaseStaticLib|Any CPU.ActiveCfg = Release|Win32
		{A41A3F85-F15D-4AD5-8531-B1787DFFEE5D}.ReleaseStaticLib|Mixed Platforms.ActiveCfg = Release|Win32
		{A41A3F85-F15D-4AD5-8531-B1787DFFEE5D}.ReleaseStaticLib|Mixed Platforms.Build.0 = Release|Win32
		{A41A3F85-F15D-4AD5-8531-B1787DFFEE5D}.ReleaseStaticLib|Win32.ActiveCfg = Release|Win32
		{A41A3F85-F15D-4AD5-8531-B1787DFFEE5D}.ReleaseStaticLib|Win32.Build.0 = Release|Win32
		{412E4C3A-0500-4849-BD43-5EE472100582}.Debug|Any CPU.ActiveCfg = Debug|Win32
		{412E4C3A-0500-4849-BD43-5EE472100582}.Debug|Mixed Platforms.ActiveCfg = Debug|Win32
		{412E4C3A-0500-4849-BD43-5EE472100582}.Debug|Mixed Platforms.Build.0 = Debug|Win32
		{412E4C3A-0500-4849-BD43-5EE472100582}.Debug|Win32.ActiveCfg = Debug|Win32
		{412E4C3A-0500-4849-BD43-5EE472100582}.Debug|Win32.Build.0 = Debug|Win32
		{412E4C3A-0500-4849-BD43-5EE472100582}.DebugStaticLib|Any CPU.ActiveCfg = Debug|Win32
		{412E4C3A-0500-4849-BD43-5EE472100582}.DebugStaticLib|Mixed Platforms.ActiveCfg = Debug|Win32
		{412E4C3A-0500-4849-BD43-5EE472100582}.DebugStaticLib|Mixed Platforms.Build.0 = Debug|Win32
		{412E4C3A-0500-4849-BD43-5EE472100582}.DebugStaticLib|Win32.ActiveCfg = Debug|Win32
		{412E4C3A-0500-4849-BD43-5EE472100582}.DebugStaticLib|Win32.Build.0 = Debug|Win32
		{412E4C3A-0500-4849-BD43-5EE472100582}.Release_NoSTDIO|Any CPU.ActiveCfg = Release|Win32
		{412E4C3A-0500-4849-BD43-5EE472100582}.Release_NoSTDIO|Mixed Platforms.ActiveCfg = Release|Win32
		{412E4C3A-0500-4849-BD43-5EE472100582}.Release_NoSTDIO|Mixed Platforms.Build.0 = Release|Win32
		{412E4C3A-0500-4849-BD43-5EE472100582}.Release_NoSTDIO|Win32.ActiveCfg = Release|Win32
		{412E4C3A-0500-4849-BD43-5EE472100582}.Release_NoSTDIO|Win32.Build.0 = Release|Win32
		{412E4C3A-0500-4849-BD43-5EE472100582}.Release|Any CPU.ActiveCfg = Release|Win32
		{412E4C3A-0500-4849-BD43-5EE472100582}.Release|Mixed Platforms.ActiveCfg = Release|Win32
		{412E4C3A-0500-4849-BD43-5EE472100582}.Release|Mixed Platforms.Build.0 = Release|Win32
		{412E4C3A-0500-4849-BD43-5EE472100582}.Release|Win32.ActiveCfg = Release|Win32
		{412E4C3A-0500-4849-BD43-5EE472100582}.Release|Win32.Build.0 = Release|Win32
		{412E4C3A-0500-4849-BD43-5EE472100582}.ReleaseStaticLib|Any CPU.ActiveCfg = Release|Win32
		{412E4C3A-0500-4849-BD43-5EE472100582}.ReleaseStaticLib|Mixed Platforms.ActiveCfg = Release|Win32
		{412E4C3A-0500-4849-BD43-5EE472100582}.ReleaseStaticLib|Mixed Platforms.Build.0 = Release|Win32
		{412E4C3A-0500-4849-BD43-5EE472100582}.ReleaseStaticLib|Win32.ActiveCfg = Release|Win32
		{412E4C3A-0500-4849-BD43-5EE472100582}.ReleaseStaticLib|Win32.Build.0 = Release|Win32
	EndGlobalSection
	GlobalSection(SolutionProperties) = preSolution
		HideSolutionNode = FALSE
	EndGlobalSection
	GlobalSection(NestedProjects) = preSolution
		{D7C864D8-5EE6-449B-9CA6-56B79EB08367} = {8E55DC6D-34F7-4937-A54F-82EF013E6AE6}
		{0586457C-9061-4054-97A1-058B235EEB77} = {8E55DC6D-34F7-4937-A54F-82EF013E6AE6}
		{0E9A605D-6A09-4303-B6E5-4044EB95D9EE} = {8E55DC6D-34F7-4937-A54F-82EF013E6AE6}
		{820FB986-B935-4C02-AE58-44FC54FD505A} = {8E55DC6D-34F7-4937-A54F-82EF013E6AE6}
		{A41A3F85-F15D-4AD5-8531-B1787DFFEE5D} = {8E55DC6D-34F7-4937-A54F-82EF013E6AE6}
		{09C3A9C7-B2CE-41B9-8675-343C1F26CF03} = {DE50C931-27BB-4D03-B819-4991C58DD0E9}
		{89F6F021-A1A8-4161-9A9D-4C9D1AFBC923} = {6E70F8D4-4ECC-42D0-AF69-2EE1C071C3D7}
		{412E4C3A-0500-4849-BD43-5EE472100582} = {E0ECAA91-7AE1-42D3-B972-1A62CE0025CE}
		{DB30D8E1-3530-4F51-9B77-8C7E1DA32145} = {C9C25768-4843-4E26-938C-51E48B5EA717}
		{5A41EC83-B4D8-45CE-889B-67CB75362AE6} = {DB30D8E1-3530-4F51-9B77-8C7E1DA32145}
		{46885ECC-4817-4899-B9DE-DF4094E37165} = {DB30D8E1-3530-4F51-9B77-8C7E1DA32145}
		{CD54F248-A673-495C-8AFA-F4398D94ACAA} = {DB30D8E1-3530-4F51-9B77-8C7E1DA32145}
		{9F590C55-C03F-4C63-91B4-296EE28BBB7C} = {DB30D8E1-3530-4F51-9B77-8C7E1DA32145}
	EndGlobalSection
EndGlobal
