
Microsoft Visual Studio Solution File, Format Version 10.00
# Visual Studio 2008
Project("{8BC9CEB8-8B4A-11D0-8D11-00A0C91BC942}") = "Ill.System", "System Library\Ill.System.vcproj", "{A41A3F85-F15D-4AD5-8531-B1787DFFEE5D}"
EndProject
Project("{2150E333-8FDC-42A3-9474-1A3956D46DE8}") = "Engine", "Engine", "{8E55DC6D-34F7-4937-A54F-82EF013E6AE6}"
EndProject
Project("{8BC9CEB8-8B4A-11D0-8D11-00A0C91BC942}") = "Ill.Audio", "System Library\Ill.System.Audio.vcproj", "{D7C864D8-5EE6-449B-9CA6-56B79EB08367}"
EndProject
Project("{8BC9CEB8-8B4A-11D0-8D11-00A0C91BC942}") = "Ill.Graphics", "System Library\Ill.System.Graphics.vcproj", "{0586457C-9061-4054-97A1-058B235EEB77}"
	ProjectSection(ProjectDependencies) = postProject
		{A41A3F85-F15D-4AD5-8531-B1787DFFEE5D} = {A41A3F85-F15D-4AD5-8531-B1787DFFEE5D}
		{35AFBABB-DF05-43DE-91A7-BB828A874015} = {35AFBABB-DF05-43DE-91A7-BB828A874015}
	EndProjectSection
EndProject
Project("{8BC9CEB8-8B4A-11D0-8D11-00A0C91BC942}") = "Ill.Network", "System Library\Ill.System.Network.vcproj", "{0E9A605D-6A09-4303-B6E5-4044EB95D9EE}"
EndProject
Project("{2150E333-8FDC-42A3-9474-1A3956D46DE8}") = "Editor", "Editor", "{DE50C931-27BB-4D03-B819-4991C58DD0E9}"
EndProject
Project("{8BC9CEB8-8B4A-11D0-8D11-00A0C91BC942}") = "Ill.Editor", "Editor Library\Ill.Editor.vcproj", "{09C3A9C7-B2CE-41B9-8675-343C1F26CF03}"
	ProjectSection(ProjectDependencies) = postProject
		{A41A3F85-F15D-4AD5-8531-B1787DFFEE5D} = {A41A3F85-F15D-4AD5-8531-B1787DFFEE5D}
	EndProjectSection
EndProject
Project("{8BC9CEB8-8B4A-11D0-8D11-00A0C91BC942}") = "Ill.Physics", "System Library\Ill.System.Physics.vcproj", "{820FB986-B935-4C02-AE58-44FC54FD505A}"
	ProjectSection(ProjectDependencies) = postProject
		{A41A3F85-F15D-4AD5-8531-B1787DFFEE5D} = {A41A3F85-F15D-4AD5-8531-B1787DFFEE5D}
	EndProjectSection
EndProject
Project("{2150E333-8FDC-42A3-9474-1A3956D46DE8}") = "External", "External", "{6E70F8D4-4ECC-42D0-AF69-2EE1C071C3D7}"
EndProject
Project("{8BC9CEB8-8B4A-11D0-8D11-00A0C91BC942}") = "gmtl-0.6.0", "..\..\external\gmtl-0.6.0\build\gmtl-0.6.0.vcproj", "{89F6F021-A1A8-4161-9A9D-4C9D1AFBC923}"
EndProject
Project("{8BC9CEB8-8B4A-11D0-8D11-00A0C91BC942}") = "OgreMain", "..\..\external\ogre-v1-6-3\OgreMain\scripts\OgreMain_vc9.vcproj", "{35AFBABB-DF05-43DE-91A7-BB828A874015}"
EndProject
Project("{8BC9CEB8-8B4A-11D0-8D11-00A0C91BC942}") = "SDL", "..\..\external\SDL-1.2.13\VisualC\SDL\SDL.vcproj", "{81CE8DAF-EBB2-4761-8E45-B71ABCCA8C68}"
EndProject
Project("{8BC9CEB8-8B4A-11D0-8D11-00A0C91BC942}") = "SDLmain", "..\..\external\SDL-1.2.13\VisualC\SDLmain\SDLmain.vcproj", "{DA956FD3-E142-46F2-9DD5-C78BEBB56B7A}"
EndProject
Project("{2150E333-8FDC-42A3-9474-1A3956D46DE8}") = "Plugins", "Plugins", "{E0ECAA91-7AE1-42D3-B972-1A62CE0025CE}"
EndProject
Project("{2150E333-8FDC-42A3-9474-1A3956D46DE8}") = "Tools", "Tools", "{C9C25768-4843-4E26-938C-51E48B5EA717}"
EndProject
Global
	GlobalSection(SolutionConfigurationPlatforms) = preSolution
		Debug|Win32 = Debug|Win32
		DebugStaticLib|Win32 = DebugStaticLib|Win32
		Release_NoSTDIO|Win32 = Release_NoSTDIO|Win32
		Release|Win32 = Release|Win32
		ReleaseStaticLib|Win32 = ReleaseStaticLib|Win32
	EndGlobalSection
	GlobalSection(ProjectConfigurationPlatforms) = postSolution
		{A41A3F85-F15D-4AD5-8531-B1787DFFEE5D}.Debug|Win32.ActiveCfg = Debug|Win32
		{A41A3F85-F15D-4AD5-8531-B1787DFFEE5D}.Debug|Win32.Build.0 = Debug|Win32
		{A41A3F85-F15D-4AD5-8531-B1787DFFEE5D}.DebugStaticLib|Win32.ActiveCfg = Debug|Win32
		{A41A3F85-F15D-4AD5-8531-B1787DFFEE5D}.DebugStaticLib|Win32.Build.0 = Debug|Win32
		{A41A3F85-F15D-4AD5-8531-B1787DFFEE5D}.Release_NoSTDIO|Win32.ActiveCfg = Release|Win32
		{A41A3F85-F15D-4AD5-8531-B1787DFFEE5D}.Release_NoSTDIO|Win32.Build.0 = Release|Win32
		{A41A3F85-F15D-4AD5-8531-B1787DFFEE5D}.Release|Win32.ActiveCfg = Release|Win32
		{A41A3F85-F15D-4AD5-8531-B1787DFFEE5D}.Release|Win32.Build.0 = Release|Win32
		{A41A3F85-F15D-4AD5-8531-B1787DFFEE5D}.ReleaseStaticLib|Win32.ActiveCfg = Release|Win32
		{A41A3F85-F15D-4AD5-8531-B1787DFFEE5D}.ReleaseStaticLib|Win32.Build.0 = Release|Win32
		{D7C864D8-5EE6-449B-9CA6-56B79EB08367}.Debug|Win32.ActiveCfg = Debug|Win32
		{D7C864D8-5EE6-449B-9CA6-56B79EB08367}.Debug|Win32.Build.0 = Debug|Win32
		{D7C864D8-5EE6-449B-9CA6-56B79EB08367}.DebugStaticLib|Win32.ActiveCfg = Debug|Win32
		{D7C864D8-5EE6-449B-9CA6-56B79EB08367}.DebugStaticLib|Win32.Build.0 = Debug|Win32
		{D7C864D8-5EE6-449B-9CA6-56B79EB08367}.Release_NoSTDIO|Win32.ActiveCfg = Release|Win32
		{D7C864D8-5EE6-449B-9CA6-56B79EB08367}.Release_NoSTDIO|Win32.Build.0 = Release|Win32
		{D7C864D8-5EE6-449B-9CA6-56B79EB08367}.Release|Win32.ActiveCfg = Release|Win32
		{D7C864D8-5EE6-449B-9CA6-56B79EB08367}.Release|Win32.Build.0 = Release|Win32
		{D7C864D8-5EE6-449B-9CA6-56B79EB08367}.ReleaseStaticLib|Win32.ActiveCfg = Release|Win32
		{D7C864D8-5EE6-449B-9CA6-56B79EB08367}.ReleaseStaticLib|Win32.Build.0 = Release|Win32
		{0586457C-9061-4054-97A1-058B235EEB77}.Debug|Win32.ActiveCfg = Debug|Win32
		{0586457C-9061-4054-97A1-058B235EEB77}.Debug|Win32.Build.0 = Debug|Win32
		{0586457C-9061-4054-97A1-058B235EEB77}.DebugStaticLib|Win32.ActiveCfg = Debug|Win32
		{0586457C-9061-4054-97A1-058B235EEB77}.DebugStaticLib|Win32.Build.0 = Debug|Win32
		{0586457C-9061-4054-97A1-058B235EEB77}.Release_NoSTDIO|Win32.ActiveCfg = Release|Win32
		{0586457C-9061-4054-97A1-058B235EEB77}.Release_NoSTDIO|Win32.Build.0 = Release|Win32
		{0586457C-9061-4054-97A1-058B235EEB77}.Release|Win32.ActiveCfg = Release|Win32
		{0586457C-9061-4054-97A1-058B235EEB77}.Release|Win32.Build.0 = Release|Win32
		{0586457C-9061-4054-97A1-058B235EEB77}.ReleaseStaticLib|Win32.ActiveCfg = Release|Win32
		{0586457C-9061-4054-97A1-058B235EEB77}.ReleaseStaticLib|Win32.Build.0 = Release|Win32
		{0E9A605D-6A09-4303-B6E5-4044EB95D9EE}.Debug|Win32.ActiveCfg = Debug|Win32
		{0E9A605D-6A09-4303-B6E5-4044EB95D9EE}.Debug|Win32.Build.0 = Debug|Win32
		{0E9A605D-6A09-4303-B6E5-4044EB95D9EE}.DebugStaticLib|Win32.ActiveCfg = Debug|Win32
		{0E9A605D-6A09-4303-B6E5-4044EB95D9EE}.DebugStaticLib|Win32.Build.0 = Debug|Win32
		{0E9A605D-6A09-4303-B6E5-4044EB95D9EE}.Release_NoSTDIO|Win32.ActiveCfg = Release|Win32
		{0E9A605D-6A09-4303-B6E5-4044EB95D9EE}.Release_NoSTDIO|Win32.Build.0 = Release|Win32
		{0E9A605D-6A09-4303-B6E5-4044EB95D9EE}.Release|Win32.ActiveCfg = Release|Win32
		{0E9A605D-6A09-4303-B6E5-4044EB95D9EE}.Release|Win32.Build.0 = Release|Win32
		{0E9A605D-6A09-4303-B6E5-4044EB95D9EE}.ReleaseStaticLib|Win32.ActiveCfg = Release|Win32
		{0E9A605D-6A09-4303-B6E5-4044EB95D9EE}.ReleaseStaticLib|Win32.Build.0 = Release|Win32
		{09C3A9C7-B2CE-41B9-8675-343C1F26CF03}.Debug|Win32.ActiveCfg = Debug|Win32
		{09C3A9C7-B2CE-41B9-8675-343C1F26CF03}.Debug|Win32.Build.0 = Debug|Win32
		{09C3A9C7-B2CE-41B9-8675-343C1F26CF03}.DebugStaticLib|Win32.ActiveCfg = Debug|Win32
		{09C3A9C7-B2CE-41B9-8675-343C1F26CF03}.DebugStaticLib|Win32.Build.0 = Debug|Win32
		{09C3A9C7-B2CE-41B9-8675-343C1F26CF03}.Release_NoSTDIO|Win32.ActiveCfg = Release|Win32
		{09C3A9C7-B2CE-41B9-8675-343C1F26CF03}.Release_NoSTDIO|Win32.Build.0 = Release|Win32
		{09C3A9C7-B2CE-41B9-8675-343C1F26CF03}.Release|Win32.ActiveCfg = Release|Win32
		{09C3A9C7-B2CE-41B9-8675-343C1F26CF03}.Release|Win32.Build.0 = Release|Win32
		{09C3A9C7-B2CE-41B9-8675-343C1F26CF03}.ReleaseStaticLib|Win32.ActiveCfg = Release|Win32
		{09C3A9C7-B2CE-41B9-8675-343C1F26CF03}.ReleaseStaticLib|Win32.Build.0 = Release|Win32
		{820FB986-B935-4C02-AE58-44FC54FD505A}.Debug|Win32.ActiveCfg = Debug|Win32
		{820FB986-B935-4C02-AE58-44FC54FD505A}.Debug|Win32.Build.0 = Debug|Win32
		{820FB986-B935-4C02-AE58-44FC54FD505A}.DebugStaticLib|Win32.ActiveCfg = Debug|Win32
		{820FB986-B935-4C02-AE58-44FC54FD505A}.DebugStaticLib|Win32.Build.0 = Debug|Win32
		{820FB986-B935-4C02-AE58-44FC54FD505A}.Release_NoSTDIO|Win32.ActiveCfg = Release|Win32
		{820FB986-B935-4C02-AE58-44FC54FD505A}.Release_NoSTDIO|Win32.Build.0 = Release|Win32
		{820FB986-B935-4C02-AE58-44FC54FD505A}.Release|Win32.ActiveCfg = Release|Win32
		{820FB986-B935-4C02-AE58-44FC54FD505A}.Release|Win32.Build.0 = Release|Win32
		{820FB986-B935-4C02-AE58-44FC54FD505A}.ReleaseStaticLib|Win32.ActiveCfg = Release|Win32
		{820FB986-B935-4C02-AE58-44FC54FD505A}.ReleaseStaticLib|Win32.Build.0 = Release|Win32
		{89F6F021-A1A8-4161-9A9D-4C9D1AFBC923}.Debug|Win32.ActiveCfg = Debug|Win32
		{89F6F021-A1A8-4161-9A9D-4C9D1AFBC923}.Debug|Win32.Build.0 = Debug|Win32
		{89F6F021-A1A8-4161-9A9D-4C9D1AFBC923}.DebugStaticLib|Win32.ActiveCfg = Debug|Win32
		{89F6F021-A1A8-4161-9A9D-4C9D1AFBC923}.DebugStaticLib|Win32.Build.0 = Debug|Win32
		{89F6F021-A1A8-4161-9A9D-4C9D1AFBC923}.Release_NoSTDIO|Win32.ActiveCfg = Release|Win32
		{89F6F021-A1A8-4161-9A9D-4C9D1AFBC923}.Release_NoSTDIO|Win32.Build.0 = Release|Win32
		{89F6F021-A1A8-4161-9A9D-4C9D1AFBC923}.Release|Win32.ActiveCfg = Release|Win32
		{89F6F021-A1A8-4161-9A9D-4C9D1AFBC923}.Release|Win32.Build.0 = Release|Win32
		{89F6F021-A1A8-4161-9A9D-4C9D1AFBC923}.ReleaseStaticLib|Win32.ActiveCfg = Release|Win32
		{89F6F021-A1A8-4161-9A9D-4C9D1AFBC923}.ReleaseStaticLib|Win32.Build.0 = Release|Win32
		{35AFBABB-DF05-43DE-91A7-BB828A874015}.Debug|Win32.ActiveCfg = Debug|Win32
		{35AFBABB-DF05-43DE-91A7-BB828A874015}.Debug|Win32.Build.0 = Debug|Win32
		{35AFBABB-DF05-43DE-91A7-BB828A874015}.DebugStaticLib|Win32.ActiveCfg = DebugStaticLib|Win32
		{35AFBABB-DF05-43DE-91A7-BB828A874015}.DebugStaticLib|Win32.Build.0 = DebugStaticLib|Win32
		{35AFBABB-DF05-43DE-91A7-BB828A874015}.Release_NoSTDIO|Win32.ActiveCfg = ReleaseStaticLib|Win32
		{35AFBABB-DF05-43DE-91A7-BB828A874015}.Release_NoSTDIO|Win32.Build.0 = ReleaseStaticLib|Win32
		{35AFBABB-DF05-43DE-91A7-BB828A874015}.Release|Win32.ActiveCfg = Release|Win32
		{35AFBABB-DF05-43DE-91A7-BB828A874015}.Release|Win32.Build.0 = Release|Win32
		{35AFBABB-DF05-43DE-91A7-BB828A874015}.ReleaseStaticLib|Win32.ActiveCfg = ReleaseStaticLib|Win32
		{35AFBABB-DF05-43DE-91A7-BB828A874015}.ReleaseStaticLib|Win32.Build.0 = ReleaseStaticLib|Win32
		{81CE8DAF-EBB2-4761-8E45-B71ABCCA8C68}.Debug|Win32.ActiveCfg = Debug|Win32
		{81CE8DAF-EBB2-4761-8E45-B71ABCCA8C68}.Debug|Win32.Build.0 = Debug|Win32
		{81CE8DAF-EBB2-4761-8E45-B71ABCCA8C68}.DebugStaticLib|Win32.ActiveCfg = Debug|Win32
		{81CE8DAF-EBB2-4761-8E45-B71ABCCA8C68}.DebugStaticLib|Win32.Build.0 = Debug|Win32
		{81CE8DAF-EBB2-4761-8E45-B71ABCCA8C68}.Release_NoSTDIO|Win32.ActiveCfg = Release|Win32
		{81CE8DAF-EBB2-4761-8E45-B71ABCCA8C68}.Release_NoSTDIO|Win32.Build.0 = Release|Win32
		{81CE8DAF-EBB2-4761-8E45-B71ABCCA8C68}.Release|Win32.ActiveCfg = Release|Win32
		{81CE8DAF-EBB2-4761-8E45-B71ABCCA8C68}.Release|Win32.Build.0 = Release|Win32
		{81CE8DAF-EBB2-4761-8E45-B71ABCCA8C68}.ReleaseStaticLib|Win32.ActiveCfg = Release|Win32
		{81CE8DAF-EBB2-4761-8E45-B71ABCCA8C68}.ReleaseStaticLib|Win32.Build.0 = Release|Win32
		{DA956FD3-E142-46F2-9DD5-C78BEBB56B7A}.Debug|Win32.ActiveCfg = Debug|Win32
		{DA956FD3-E142-46F2-9DD5-C78BEBB56B7A}.Debug|Win32.Build.0 = Debug|Win32
		{DA956FD3-E142-46F2-9DD5-C78BEBB56B7A}.DebugStaticLib|Win32.ActiveCfg = Debug|Win32
		{DA956FD3-E142-46F2-9DD5-C78BEBB56B7A}.DebugStaticLib|Win32.Build.0 = Debug|Win32
		{DA956FD3-E142-46F2-9DD5-C78BEBB56B7A}.Release_NoSTDIO|Win32.ActiveCfg = Release_NoSTDIO|Win32
		{DA956FD3-E142-46F2-9DD5-C78BEBB56B7A}.Release_NoSTDIO|Win32.Build.0 = Release_NoSTDIO|Win32
		{DA956FD3-E142-46F2-9DD5-C78BEBB56B7A}.Release|Win32.ActiveCfg = Release|Win32
		{DA956FD3-E142-46F2-9DD5-C78BEBB56B7A}.Release|Win32.Build.0 = Release|Win32
		{DA956FD3-E142-46F2-9DD5-C78BEBB56B7A}.ReleaseStaticLib|Win32.ActiveCfg = Release_NoSTDIO|Win32
		{DA956FD3-E142-46F2-9DD5-C78BEBB56B7A}.ReleaseStaticLib|Win32.Build.0 = Release_NoSTDIO|Win32
	EndGlobalSection
	GlobalSection(SolutionProperties) = preSolution
		HideSolutionNode = FALSE
	EndGlobalSection
	GlobalSection(NestedProjects) = preSolution
		{A41A3F85-F15D-4AD5-8531-B1787DFFEE5D} = {8E55DC6D-34F7-4937-A54F-82EF013E6AE6}
		{D7C864D8-5EE6-449B-9CA6-56B79EB08367} = {8E55DC6D-34F7-4937-A54F-82EF013E6AE6}
		{0586457C-9061-4054-97A1-058B235EEB77} = {8E55DC6D-34F7-4937-A54F-82EF013E6AE6}
		{0E9A605D-6A09-4303-B6E5-4044EB95D9EE} = {8E55DC6D-34F7-4937-A54F-82EF013E6AE6}
		{820FB986-B935-4C02-AE58-44FC54FD505A} = {8E55DC6D-34F7-4937-A54F-82EF013E6AE6}
		{09C3A9C7-B2CE-41B9-8675-343C1F26CF03} = {DE50C931-27BB-4D03-B819-4991C58DD0E9}
		{89F6F021-A1A8-4161-9A9D-4C9D1AFBC923} = {6E70F8D4-4ECC-42D0-AF69-2EE1C071C3D7}
		{35AFBABB-DF05-43DE-91A7-BB828A874015} = {6E70F8D4-4ECC-42D0-AF69-2EE1C071C3D7}
		{81CE8DAF-EBB2-4761-8E45-B71ABCCA8C68} = {6E70F8D4-4ECC-42D0-AF69-2EE1C071C3D7}
		{DA956FD3-E142-46F2-9DD5-C78BEBB56B7A} = {6E70F8D4-4ECC-42D0-AF69-2EE1C071C3D7}
	EndGlobalSection
EndGlobal
