
Microsoft Visual Studio Solution File, Format Version 10.00
# Visual Studio 2008
Project("{2150E333-8FDC-42A3-9474-1A3956D46DE8}") = "Applications", "Applications", "{8249A281-CB73-4F89-9116-DEC12DDF3DE6}"
EndProject
Project("{2150E333-8FDC-42A3-9474-1A3956D46DE8}") = "Source", "Source", "{E3F7A16F-5213-4709-93AD-21F623EB4292}"
EndProject
Project("{8BC9CEB8-8B4A-11D0-8D11-00A0C91BC942}") = "Ill.System", "System Library\Ill.System.vcproj", "{A41A3F85-F15D-4AD5-8531-B1787DFFEE5D}"
EndProject
Project("{2150E333-8FDC-42A3-9474-1A3956D46DE8}") = "System Library", "System Library", "{8E55DC6D-34F7-4937-A54F-82EF013E6AE6}"
EndProject
Project("{8BC9CEB8-8B4A-11D0-8D11-00A0C91BC942}") = "Ill.System.Audio", "System Library\Ill.System.Audio.vcproj", "{D7C864D8-5EE6-449B-9CA6-56B79EB08367}"
EndProject
Project("{8BC9CEB8-8B4A-11D0-8D11-00A0C91BC942}") = "Ill.System.Graphics", "System Library\Ill.System.Graphics.vcproj", "{0586457C-9061-4054-97A1-058B235EEB77}"
	ProjectSection(ProjectDependencies) = postProject
		{A41A3F85-F15D-4AD5-8531-B1787DFFEE5D} = {A41A3F85-F15D-4AD5-8531-B1787DFFEE5D}
		{35AFBABB-DF05-43DE-91A7-BB828A874015} = {35AFBABB-DF05-43DE-91A7-BB828A874015}
	EndProjectSection
EndProject
Project("{8BC9CEB8-8B4A-11D0-8D11-00A0C91BC942}") = "Ill.System.Network", "System Library\Ill.System.Network.vcproj", "{0E9A605D-6A09-4303-B6E5-4044EB95D9EE}"
EndProject
Project("{2150E333-8FDC-42A3-9474-1A3956D46DE8}") = "Game Library", "Game Library", "{70B4EAEE-68E7-4C5D-A01C-3F5FF49EFD0B}"
EndProject
Project("{8BC9CEB8-8B4A-11D0-8D11-00A0C91BC942}") = "Ill.Game", "Game Library\Ill.Game.vcproj", "{5678901D-3C1E-4FD7-B3F3-3A4887F907BB}"
EndProject
Project("{2150E333-8FDC-42A3-9474-1A3956D46DE8}") = "Editor Library", "Editor Library", "{DE50C931-27BB-4D03-B819-4991C58DD0E9}"
EndProject
Project("{8BC9CEB8-8B4A-11D0-8D11-00A0C91BC942}") = "Ill.Editor", "Editor Library\Ill.Editor.vcproj", "{09C3A9C7-B2CE-41B9-8675-343C1F26CF03}"
	ProjectSection(ProjectDependencies) = postProject
		{A41A3F85-F15D-4AD5-8531-B1787DFFEE5D} = {A41A3F85-F15D-4AD5-8531-B1787DFFEE5D}
	EndProjectSection
EndProject
Project("{2150E333-8FDC-42A3-9474-1A3956D46DE8}") = "MyGame", "MyGame", "{BE5D54D4-4C3F-4593-83D8-75F00853081E}"
EndProject
Project("{8BC9CEB8-8B4A-11D0-8D11-00A0C91BC942}") = "Ill.System.Physics", "System Library\Ill.System.Physics.vcproj", "{820FB986-B935-4C02-AE58-44FC54FD505A}"
	ProjectSection(ProjectDependencies) = postProject
		{A41A3F85-F15D-4AD5-8531-B1787DFFEE5D} = {A41A3F85-F15D-4AD5-8531-B1787DFFEE5D}
	EndProjectSection
EndProject
Project("{2150E333-8FDC-42A3-9474-1A3956D46DE8}") = "External", "External", "{6E70F8D4-4ECC-42D0-AF69-2EE1C071C3D7}"
EndProject
Project("{8BC9CEB8-8B4A-11D0-8D11-00A0C91BC942}") = "gmtl-0.6.0", "..\..\external\gmtl-0.6.0\build\gmtl-0.6.0.vcproj", "{89F6F021-A1A8-4161-9A9D-4C9D1AFBC923}"
EndProject
Project("{8BC9CEB8-8B4A-11D0-8D11-00A0C91BC942}") = "OgreMain", "..\..\external\ogre-v1-6-3\OgreMain\scripts\OgreMain_vc9.vcproj", "{35AFBABB-DF05-43DE-91A7-BB828A874015}"
EndProject
Project("{8BC9CEB8-8B4A-11D0-8D11-00A0C91BC942}") = "MyGame", "..\..\..\applications\MyGame\projects\vc9\MyGame.vcproj", "{DB3DB1CB-703D-4B10-AF9A-B81DB8D8F6AE}"
	ProjectSection(ProjectDependencies) = postProject
		{5678901D-3C1E-4FD7-B3F3-3A4887F907BB} = {5678901D-3C1E-4FD7-B3F3-3A4887F907BB}
		{0586457C-9061-4054-97A1-058B235EEB77} = {0586457C-9061-4054-97A1-058B235EEB77}
		{A41A3F85-F15D-4AD5-8531-B1787DFFEE5D} = {A41A3F85-F15D-4AD5-8531-B1787DFFEE5D}
		{820FB986-B935-4C02-AE58-44FC54FD505A} = {820FB986-B935-4C02-AE58-44FC54FD505A}
		{81CE8DAF-EBB2-4761-8E45-B71ABCCA8C68} = {81CE8DAF-EBB2-4761-8E45-B71ABCCA8C68}
		{DA956FD3-E142-46F2-9DD5-C78BEBB56B7A} = {DA956FD3-E142-46F2-9DD5-C78BEBB56B7A}
	EndProjectSection
EndProject
Project("{8BC9CEB8-8B4A-11D0-8D11-00A0C91BC942}") = "MyGameEditor", "..\..\..\applications\MyGameEditor\projects\vc9\MyGameEditor.vcproj", "{D60490B8-8F00-4540-91C6-E2EFADADA40F}"
	ProjectSection(ProjectDependencies) = postProject
		{09C3A9C7-B2CE-41B9-8675-343C1F26CF03} = {09C3A9C7-B2CE-41B9-8675-343C1F26CF03}
	EndProjectSection
EndProject
Project("{8BC9CEB8-8B4A-11D0-8D11-00A0C91BC942}") = "SDL", "..\..\external\SDL-1.2.13\VisualC\SDL\SDL.vcproj", "{81CE8DAF-EBB2-4761-8E45-B71ABCCA8C68}"
EndProject
Project("{8BC9CEB8-8B4A-11D0-8D11-00A0C91BC942}") = "SDLmain", "..\..\external\SDL-1.2.13\VisualC\SDLmain\SDLmain.vcproj", "{DA956FD3-E142-46F2-9DD5-C78BEBB56B7A}"
EndProject
Project("{8BC9CEB8-8B4A-11D0-8D11-00A0C91BC942}") = "Ill.System.OgreGraphics", "System Library\Ill.System.OgreGraphics.vcproj", "{412E4C3A-0500-4849-BD43-5EE472100582}"
	ProjectSection(ProjectDependencies) = postProject
		{0586457C-9061-4054-97A1-058B235EEB77} = {0586457C-9061-4054-97A1-058B235EEB77}
		{A41A3F85-F15D-4AD5-8531-B1787DFFEE5D} = {A41A3F85-F15D-4AD5-8531-B1787DFFEE5D}
		{35AFBABB-DF05-43DE-91A7-BB828A874015} = {35AFBABB-DF05-43DE-91A7-BB828A874015}
	EndProjectSection
EndProject
Global
	GlobalSection(SolutionConfigurationPlatforms) = preSolution
		Debug|Win32 = Debug|Win32
		DebugStaticLib|Win32 = DebugStaticLib|Win32
		Release_NoSTDIO|Win32 = Release_NoSTDIO|Win32
		Release|Win32 = Release|Win32
		ReleaseStaticLib|Win32 = ReleaseStaticLib|Win32
	EndGlobalSection
	GlobalSection(ProjectConfigurationPlatforms) = postSolution
		{A41A3F85-F15D-4AD5-8531-B1787DFFEE5D}.Debug|Win32.ActiveCfg = Debug|Win32
		{A41A3F85-F15D-4AD5-8531-B1787DFFEE5D}.Debug|Win32.Build.0 = Debug|Win32
		{A41A3F85-F15D-4AD5-8531-B1787DFFEE5D}.DebugStaticLib|Win32.ActiveCfg = Debug|Win32
		{A41A3F85-F15D-4AD5-8531-B1787DFFEE5D}.DebugStaticLib|Win32.Build.0 = Debug|Win32
		{A41A3F85-F15D-4AD5-8531-B1787DFFEE5D}.Release_NoSTDIO|Win32.ActiveCfg = Release|Win32
		{A41A3F85-F15D-4AD5-8531-B1787DFFEE5D}.Release_NoSTDIO|Win32.Build.0 = Release|Win32
		{A41A3F85-F15D-4AD5-8531-B1787DFFEE5D}.Release|Win32.ActiveCfg = Release|Win32
		{A41A3F85-F15D-4AD5-8531-B1787DFFEE5D}.Release|Win32.Build.0 = Release|Win32
		{A41A3F85-F15D-4AD5-8531-B1787DFFEE5D}.ReleaseStaticLib|Win32.ActiveCfg = Release|Win32
		{A41A3F85-F15D-4AD5-8531-B1787DFFEE5D}.ReleaseStaticLib|Win32.Build.0 = Release|Win32
		{D7C864D8-5EE6-449B-9CA6-56B79EB08367}.Debug|Win32.ActiveCfg = Debug|Win32
		{D7C864D8-5EE6-449B-9CA6-56B79EB08367}.Debug|Win32.Build.0 = Debug|Win32
		{D7C864D8-5EE6-449B-9CA6-56B79EB08367}.DebugStaticLib|Win32.ActiveCfg = Debug|Win32
		{D7C864D8-5EE6-449B-9CA6-56B79EB08367}.DebugStaticLib|Win32.Build.0 = Debug|Win32
		{D7C864D8-5EE6-449B-9CA6-56B79EB08367}.Release_NoSTDIO|Win32.ActiveCfg = Release|Win32
		{D7C864D8-5EE6-449B-9CA6-56B79EB08367}.Release_NoSTDIO|Win32.Build.0 = Release|Win32
		{D7C864D8-5EE6-449B-9CA6-56B79EB08367}.Release|Win32.ActiveCfg = Release|Win32
		{D7C864D8-5EE6-449B-9CA6-56B79EB08367}.Release|Win32.Build.0 = Release|Win32
		{D7C864D8-5EE6-449B-9CA6-56B79EB08367}.ReleaseStaticLib|Win32.ActiveCfg = Release|Win32
		{D7C864D8-5EE6-449B-9CA6-56B79EB08367}.ReleaseStaticLib|Win32.Build.0 = Release|Win32
		{0586457C-9061-4054-97A1-058B235EEB77}.Debug|Win32.ActiveCfg = Debug|Win32
		{0586457C-9061-4054-97A1-058B235EEB77}.Debug|Win32.Build.0 = Debug|Win32
		{0586457C-9061-4054-97A1-058B235EEB77}.DebugStaticLib|Win32.ActiveCfg = Debug|Win32
		{0586457C-9061-4054-97A1-058B235EEB77}.DebugStaticLib|Win32.Build.0 = Debug|Win32
		{0586457C-9061-4054-97A1-058B235EEB77}.Release_NoSTDIO|Win32.ActiveCfg = Release|Win32
		{0586457C-9061-4054-97A1-058B235EEB77}.Release_NoSTDIO|Win32.Build.0 = Release|Win32
		{0586457C-9061-4054-97A1-058B235EEB77}.Release|Win32.ActiveCfg = Release|Win32
		{0586457C-9061-4054-97A1-058B235EEB77}.Release|Win32.Build.0 = Release|Win32
		{0586457C-9061-4054-97A1-058B235EEB77}.ReleaseStaticLib|Win32.ActiveCfg = Release|Win32
		{0586457C-9061-4054-97A1-058B235EEB77}.ReleaseStaticLib|Win32.Build.0 = Release|Win32
		{0E9A605D-6A09-4303-B6E5-4044EB95D9EE}.Debug|Win32.ActiveCfg = Debug|Win32
		{0E9A605D-6A09-4303-B6E5-4044EB95D9EE}.Debug|Win32.Build.0 = Debug|Win32
		{0E9A605D-6A09-4303-B6E5-4044EB95D9EE}.DebugStaticLib|Win32.ActiveCfg = Debug|Win32
		{0E9A605D-6A09-4303-B6E5-4044EB95D9EE}.DebugStaticLib|Win32.Build.0 = Debug|Win32
		{0E9A605D-6A09-4303-B6E5-4044EB95D9EE}.Release_NoSTDIO|Win32.ActiveCfg = Release|Win32
		{0E9A605D-6A09-4303-B6E5-4044EB95D9EE}.Release_NoSTDIO|Win32.Build.0 = Release|Win32
		{0E9A605D-6A09-4303-B6E5-4044EB95D9EE}.Release|Win32.ActiveCfg = Release|Win32
		{0E9A605D-6A09-4303-B6E5-4044EB95D9EE}.Release|Win32.Build.0 = Release|Win32
		{0E9A605D-6A09-4303-B6E5-4044EB95D9EE}.ReleaseStaticLib|Win32.ActiveCfg = Release|Win32
		{0E9A605D-6A09-4303-B6E5-4044EB95D9EE}.ReleaseStaticLib|Win32.Build.0 = Release|Win32
		{5678901D-3C1E-4FD7-B3F3-3A4887F907BB}.Debug|Win32.ActiveCfg = Debug|Win32
		{5678901D-3C1E-4FD7-B3F3-3A4887F907BB}.Debug|Win32.Build.0 = Debug|Win32
		{5678901D-3C1E-4FD7-B3F3-3A4887F907BB}.DebugStaticLib|Win32.ActiveCfg = Debug|Win32
		{5678901D-3C1E-4FD7-B3F3-3A4887F907BB}.DebugStaticLib|Win32.Build.0 = Debug|Win32
		{5678901D-3C1E-4FD7-B3F3-3A4887F907BB}.Release_NoSTDIO|Win32.ActiveCfg = Release|Win32
		{5678901D-3C1E-4FD7-B3F3-3A4887F907BB}.Release_NoSTDIO|Win32.Build.0 = Release|Win32
		{5678901D-3C1E-4FD7-B3F3-3A4887F907BB}.Release|Win32.ActiveCfg = Release|Win32
		{5678901D-3C1E-4FD7-B3F3-3A4887F907BB}.Release|Win32.Build.0 = Release|Win32
		{5678901D-3C1E-4FD7-B3F3-3A4887F907BB}.ReleaseStaticLib|Win32.ActiveCfg = Release|Win32
		{5678901D-3C1E-4FD7-B3F3-3A4887F907BB}.ReleaseStaticLib|Win32.Build.0 = Release|Win32
		{09C3A9C7-B2CE-41B9-8675-343C1F26CF03}.Debug|Win32.ActiveCfg = Debug|Win32
		{09C3A9C7-B2CE-41B9-8675-343C1F26CF03}.Debug|Win32.Build.0 = Debug|Win32
		{09C3A9C7-B2CE-41B9-8675-343C1F26CF03}.DebugStaticLib|Win32.ActiveCfg = Debug|Win32
		{09C3A9C7-B2CE-41B9-8675-343C1F26CF03}.DebugStaticLib|Win32.Build.0 = Debug|Win32
		{09C3A9C7-B2CE-41B9-8675-343C1F26CF03}.Release_NoSTDIO|Win32.ActiveCfg = Release|Win32
		{09C3A9C7-B2CE-41B9-8675-343C1F26CF03}.Release_NoSTDIO|Win32.Build.0 = Release|Win32
		{09C3A9C7-B2CE-41B9-8675-343C1F26CF03}.Release|Win32.ActiveCfg = Release|Win32
		{09C3A9C7-B2CE-41B9-8675-343C1F26CF03}.Release|Win32.Build.0 = Release|Win32
		{09C3A9C7-B2CE-41B9-8675-343C1F26CF03}.ReleaseStaticLib|Win32.ActiveCfg = Release|Win32
		{09C3A9C7-B2CE-41B9-8675-343C1F26CF03}.ReleaseStaticLib|Win32.Build.0 = Release|Win32
		{820FB986-B935-4C02-AE58-44FC54FD505A}.Debug|Win32.ActiveCfg = Debug|Win32
		{820FB986-B935-4C02-AE58-44FC54FD505A}.Debug|Win32.Build.0 = Debug|Win32
		{820FB986-B935-4C02-AE58-44FC54FD505A}.DebugStaticLib|Win32.ActiveCfg = Debug|Win32
		{820FB986-B935-4C02-AE58-44FC54FD505A}.DebugStaticLib|Win32.Build.0 = Debug|Win32
		{820FB986-B935-4C02-AE58-44FC54FD505A}.Release_NoSTDIO|Win32.ActiveCfg = Release|Win32
		{820FB986-B935-4C02-AE58-44FC54FD505A}.Release_NoSTDIO|Win32.Build.0 = Release|Win32
		{820FB986-B935-4C02-AE58-44FC54FD505A}.Release|Win32.ActiveCfg = Release|Win32
		{820FB986-B935-4C02-AE58-44FC54FD505A}.Release|Win32.Build.0 = Release|Win32
		{820FB986-B935-4C02-AE58-44FC54FD505A}.ReleaseStaticLib|Win32.ActiveCfg = Release|Win32
		{820FB986-B935-4C02-AE58-44FC54FD505A}.ReleaseStaticLib|Win32.Build.0 = Release|Win32
		{89F6F021-A1A8-4161-9A9D-4C9D1AFBC923}.Debug|Win32.ActiveCfg = Debug|Win32
		{89F6F021-A1A8-4161-9A9D-4C9D1AFBC923}.Debug|Win32.Build.0 = Debug|Win32
		{89F6F021-A1A8-4161-9A9D-4C9D1AFBC923}.DebugStaticLib|Win32.ActiveCfg = Debug|Win32
		{89F6F021-A1A8-4161-9A9D-4C9D1AFBC923}.DebugStaticLib|Win32.Build.0 = Debug|Win32
		{89F6F021-A1A8-4161-9A9D-4C9D1AFBC923}.Release_NoSTDIO|Win32.ActiveCfg = Release|Win32
		{89F6F021-A1A8-4161-9A9D-4C9D1AFBC923}.Release_NoSTDIO|Win32.Build.0 = Release|Win32
		{89F6F021-A1A8-4161-9A9D-4C9D1AFBC923}.Release|Win32.ActiveCfg = Release|Win32
		{89F6F021-A1A8-4161-9A9D-4C9D1AFBC923}.Release|Win32.Build.0 = Release|Win32
		{89F6F021-A1A8-4161-9A9D-4C9D1AFBC923}.ReleaseStaticLib|Win32.ActiveCfg = Release|Win32
		{89F6F021-A1A8-4161-9A9D-4C9D1AFBC923}.ReleaseStaticLib|Win32.Build.0 = Release|Win32
		{35AFBABB-DF05-43DE-91A7-BB828A874015}.Debug|Win32.ActiveCfg = Debug|Win32
		{35AFBABB-DF05-43DE-91A7-BB828A874015}.Debug|Win32.Build.0 = Debug|Win32
		{35AFBABB-DF05-43DE-91A7-BB828A874015}.DebugStaticLib|Win32.ActiveCfg = DebugStaticLib|Win32
		{35AFBABB-DF05-43DE-91A7-BB828A874015}.DebugStaticLib|Win32.Build.0 = DebugStaticLib|Win32
		{35AFBABB-DF05-43DE-91A7-BB828A874015}.Release_NoSTDIO|Win32.ActiveCfg = ReleaseStaticLib|Win32
		{35AFBABB-DF05-43DE-91A7-BB828A874015}.Release_NoSTDIO|Win32.Build.0 = ReleaseStaticLib|Win32
		{35AFBABB-DF05-43DE-91A7-BB828A874015}.Release|Win32.ActiveCfg = Release|Win32
		{35AFBABB-DF05-43DE-91A7-BB828A874015}.Release|Win32.Build.0 = Release|Win32
		{35AFBABB-DF05-43DE-91A7-BB828A874015}.ReleaseStaticLib|Win32.ActiveCfg = ReleaseStaticLib|Win32
		{35AFBABB-DF05-43DE-91A7-BB828A874015}.ReleaseStaticLib|Win32.Build.0 = ReleaseStaticLib|Win32
		{DB3DB1CB-703D-4B10-AF9A-B81DB8D8F6AE}.Debug|Win32.ActiveCfg = Debug|Win32
		{DB3DB1CB-703D-4B10-AF9A-B81DB8D8F6AE}.Debug|Win32.Build.0 = Debug|Win32
		{DB3DB1CB-703D-4B10-AF9A-B81DB8D8F6AE}.DebugStaticLib|Win32.ActiveCfg = Debug|Win32
		{DB3DB1CB-703D-4B10-AF9A-B81DB8D8F6AE}.DebugStaticLib|Win32.Build.0 = Debug|Win32
		{DB3DB1CB-703D-4B10-AF9A-B81DB8D8F6AE}.Release_NoSTDIO|Win32.ActiveCfg = Release|Win32
		{DB3DB1CB-703D-4B10-AF9A-B81DB8D8F6AE}.Release_NoSTDIO|Win32.Build.0 = Release|Win32
		{DB3DB1CB-703D-4B10-AF9A-B81DB8D8F6AE}.Release|Win32.ActiveCfg = Release|Win32
		{DB3DB1CB-703D-4B10-AF9A-B81DB8D8F6AE}.Release|Win32.Build.0 = Release|Win32
		{DB3DB1CB-703D-4B10-AF9A-B81DB8D8F6AE}.ReleaseStaticLib|Win32.ActiveCfg = Release|Win32
		{DB3DB1CB-703D-4B10-AF9A-B81DB8D8F6AE}.ReleaseStaticLib|Win32.Build.0 = Release|Win32
		{D60490B8-8F00-4540-91C6-E2EFADADA40F}.Debug|Win32.ActiveCfg = Debug|Win32
		{D60490B8-8F00-4540-91C6-E2EFADADA40F}.Debug|Win32.Build.0 = Debug|Win32
		{D60490B8-8F00-4540-91C6-E2EFADADA40F}.DebugStaticLib|Win32.ActiveCfg = Debug|Win32
		{D60490B8-8F00-4540-91C6-E2EFADADA40F}.DebugStaticLib|Win32.Build.0 = Debug|Win32
		{D60490B8-8F00-4540-91C6-E2EFADADA40F}.Release_NoSTDIO|Win32.ActiveCfg = Release|Win32
		{D60490B8-8F00-4540-91C6-E2EFADADA40F}.Release_NoSTDIO|Win32.Build.0 = Release|Win32
		{D60490B8-8F00-4540-91C6-E2EFADADA40F}.Release|Win32.ActiveCfg = Release|Win32
		{D60490B8-8F00-4540-91C6-E2EFADADA40F}.Release|Win32.Build.0 = Release|Win32
		{D60490B8-8F00-4540-91C6-E2EFADADA40F}.ReleaseStaticLib|Win32.ActiveCfg = Release|Win32
		{D60490B8-8F00-4540-91C6-E2EFADADA40F}.ReleaseStaticLib|Win32.Build.0 = Release|Win32
		{81CE8DAF-EBB2-4761-8E45-B71ABCCA8C68}.Debug|Win32.ActiveCfg = Debug|Win32
		{81CE8DAF-EBB2-4761-8E45-B71ABCCA8C68}.Debug|Win32.Build.0 = Debug|Win32
		{81CE8DAF-EBB2-4761-8E45-B71ABCCA8C68}.DebugStaticLib|Win32.ActiveCfg = Debug|Win32
		{81CE8DAF-EBB2-4761-8E45-B71ABCCA8C68}.DebugStaticLib|Win32.Build.0 = Debug|Win32
		{81CE8DAF-EBB2-4761-8E45-B71ABCCA8C68}.Release_NoSTDIO|Win32.ActiveCfg = Release|Win32
		{81CE8DAF-EBB2-4761-8E45-B71ABCCA8C68}.Release_NoSTDIO|Win32.Build.0 = Release|Win32
		{81CE8DAF-EBB2-4761-8E45-B71ABCCA8C68}.Release|Win32.ActiveCfg = Release|Win32
		{81CE8DAF-EBB2-4761-8E45-B71ABCCA8C68}.Release|Win32.Build.0 = Release|Win32
		{81CE8DAF-EBB2-4761-8E45-B71ABCCA8C68}.ReleaseStaticLib|Win32.ActiveCfg = Release|Win32
		{81CE8DAF-EBB2-4761-8E45-B71ABCCA8C68}.ReleaseStaticLib|Win32.Build.0 = Release|Win32
		{DA956FD3-E142-46F2-9DD5-C78BEBB56B7A}.Debug|Win32.ActiveCfg = Debug|Win32
		{DA956FD3-E142-46F2-9DD5-C78BEBB56B7A}.Debug|Win32.Build.0 = Debug|Win32
		{DA956FD3-E142-46F2-9DD5-C78BEBB56B7A}.DebugStaticLib|Win32.ActiveCfg = Debug|Win32
		{DA956FD3-E142-46F2-9DD5-C78BEBB56B7A}.DebugStaticLib|Win32.Build.0 = Debug|Win32
		{DA956FD3-E142-46F2-9DD5-C78BEBB56B7A}.Release_NoSTDIO|Win32.ActiveCfg = Release_NoSTDIO|Win32
		{DA956FD3-E142-46F2-9DD5-C78BEBB56B7A}.Release_NoSTDIO|Win32.Build.0 = Release_NoSTDIO|Win32
		{DA956FD3-E142-46F2-9DD5-C78BEBB56B7A}.Release|Win32.ActiveCfg = Release|Win32
		{DA956FD3-E142-46F2-9DD5-C78BEBB56B7A}.Release|Win32.Build.0 = Release|Win32
		{DA956FD3-E142-46F2-9DD5-C78BEBB56B7A}.ReleaseStaticLib|Win32.ActiveCfg = Release_NoSTDIO|Win32
		{DA956FD3-E142-46F2-9DD5-C78BEBB56B7A}.ReleaseStaticLib|Win32.Build.0 = Release_NoSTDIO|Win32
		{412E4C3A-0500-4849-BD43-5EE472100582}.Debug|Win32.ActiveCfg = Debug|Win32
		{412E4C3A-0500-4849-BD43-5EE472100582}.Debug|Win32.Build.0 = Debug|Win32
		{412E4C3A-0500-4849-BD43-5EE472100582}.DebugStaticLib|Win32.ActiveCfg = Debug|Win32
		{412E4C3A-0500-4849-BD43-5EE472100582}.DebugStaticLib|Win32.Build.0 = Debug|Win32
		{412E4C3A-0500-4849-BD43-5EE472100582}.Release_NoSTDIO|Win32.ActiveCfg = Release|Win32
		{412E4C3A-0500-4849-BD43-5EE472100582}.Release_NoSTDIO|Win32.Build.0 = Release|Win32
		{412E4C3A-0500-4849-BD43-5EE472100582}.Release|Win32.ActiveCfg = Release|Win32
		{412E4C3A-0500-4849-BD43-5EE472100582}.Release|Win32.Build.0 = Release|Win32
		{412E4C3A-0500-4849-BD43-5EE472100582}.ReleaseStaticLib|Win32.ActiveCfg = Release|Win32
		{412E4C3A-0500-4849-BD43-5EE472100582}.ReleaseStaticLib|Win32.Build.0 = Release|Win32
	EndGlobalSection
	GlobalSection(SolutionProperties) = preSolution
		HideSolutionNode = FALSE
	EndGlobalSection
	GlobalSection(NestedProjects) = preSolution
		{BE5D54D4-4C3F-4593-83D8-75F00853081E} = {8249A281-CB73-4F89-9116-DEC12DDF3DE6}
		{8E55DC6D-34F7-4937-A54F-82EF013E6AE6} = {E3F7A16F-5213-4709-93AD-21F623EB4292}
		{70B4EAEE-68E7-4C5D-A01C-3F5FF49EFD0B} = {E3F7A16F-5213-4709-93AD-21F623EB4292}
		{DE50C931-27BB-4D03-B819-4991C58DD0E9} = {E3F7A16F-5213-4709-93AD-21F623EB4292}
		{6E70F8D4-4ECC-42D0-AF69-2EE1C071C3D7} = {E3F7A16F-5213-4709-93AD-21F623EB4292}
		{A41A3F85-F15D-4AD5-8531-B1787DFFEE5D} = {8E55DC6D-34F7-4937-A54F-82EF013E6AE6}
		{D7C864D8-5EE6-449B-9CA6-56B79EB08367} = {8E55DC6D-34F7-4937-A54F-82EF013E6AE6}
		{0586457C-9061-4054-97A1-058B235EEB77} = {8E55DC6D-34F7-4937-A54F-82EF013E6AE6}
		{0E9A605D-6A09-4303-B6E5-4044EB95D9EE} = {8E55DC6D-34F7-4937-A54F-82EF013E6AE6}
		{820FB986-B935-4C02-AE58-44FC54FD505A} = {8E55DC6D-34F7-4937-A54F-82EF013E6AE6}
		{412E4C3A-0500-4849-BD43-5EE472100582} = {8E55DC6D-34F7-4937-A54F-82EF013E6AE6}
		{5678901D-3C1E-4FD7-B3F3-3A4887F907BB} = {70B4EAEE-68E7-4C5D-A01C-3F5FF49EFD0B}
		{09C3A9C7-B2CE-41B9-8675-343C1F26CF03} = {DE50C931-27BB-4D03-B819-4991C58DD0E9}
		{DB3DB1CB-703D-4B10-AF9A-B81DB8D8F6AE} = {BE5D54D4-4C3F-4593-83D8-75F00853081E}
		{D60490B8-8F00-4540-91C6-E2EFADADA40F} = {BE5D54D4-4C3F-4593-83D8-75F00853081E}
		{89F6F021-A1A8-4161-9A9D-4C9D1AFBC923} = {6E70F8D4-4ECC-42D0-AF69-2EE1C071C3D7}
		{35AFBABB-DF05-43DE-91A7-BB828A874015} = {6E70F8D4-4ECC-42D0-AF69-2EE1C071C3D7}
		{81CE8DAF-EBB2-4761-8E45-B71ABCCA8C68} = {6E70F8D4-4ECC-42D0-AF69-2EE1C071C3D7}
		{DA956FD3-E142-46F2-9DD5-C78BEBB56B7A} = {6E70F8D4-4ECC-42D0-AF69-2EE1C071C3D7}
	EndGlobalSection
EndGlobal
